PODS:
  - CAAnimationBlocks (0.0.1)
  - ChatHeads (1.0):
    - CAAnimationBlocks
    - SKBounceAnimation
  - CocoaLumberjack (1.6.4):
    - CocoaLumberjack/Core
    - CocoaLumberjack/Extensions
  - CocoaLumberjack/Core (1.6.4)
  - CocoaLumberjack/Extensions (1.6.4):
    - CocoaLumberjack/Core
  - ECSlidingViewController (2.0.0-beta2)
  - SKBounceAnimation (1.0.03)
  - UIColor-HexString (1.0.1)

DEPENDENCIES:
  - ChatHeads
  - CocoaLumberjack
  - ECSlidingViewController
  - UIColor-HexString

SPEC CHECKSUMS:
  CAAnimationBlocks: b70f877c5b92734abef270152187d3287d84e8f8
  ChatHeads: 8220d1108b9f7a0b1a7371e063071a264a6662ef
  CocoaLumberjack: a41a6cce03be251319e1ace1fdac5a610ce10467
  ECSlidingViewController: 097e5451e8628611f17ed27a6e0829fa705f7851
  SKBounceAnimation: 116cdcda440d52f2f6d176032678ffd526ec652a
  UIColor-HexString: 8a3f512f71b6d94a2cf6bdeabcad2f3532f31b5a

COCOAPODS: 0.28.0
