PODS:
  - CAAnimationBlocks (0.0.1)
  - ChatHeads (1.0):
    - CAAnimationBlocks
    - SKBounceAnimation
  - SASlideMenu (2.0.3)
  - SKBounceAnimation (1.0.03)

DEPENDENCIES:
  - ChatHeads
  - SASlideMenu

SPEC CHECKSUMS:
  CAAnimationBlocks: b70f877c5b92734abef270152187d3287d84e8f8
  ChatHeads: 8220d1108b9f7a0b1a7371e063071a264a6662ef
  SASlideMenu: a4a4443fa989afdef4fa4b556ea2334e48cc50f1
  SKBounceAnimation: 116cdcda440d52f2f6d176032678ffd526ec652a

COCOAPODS: 0.28.0
