// !$*UTF8*$!
{
	archiveVersion = 1;
	classes = {
	};
	objectVersion = 46;
	objects = {

/* Begin PBXBuildFile section */
		C745B082CE144F8095231522 /* libPods.a in Frameworks */ = {isa = PBXBuildFile; fileRef = C23BC4E3A4EF498CB2E1D08C /* libPods.a */; };
		D214BE071862DAF000812BA5 /* RestManager.m in Sources */ = {isa = PBXBuildFile; fileRef = D214BE061862DAF000812BA5 /* RestManager.m */; };
		D221964D1859BCC6007528EE /* FriendsListViewController.m in Sources */ = {isa = PBXBuildFile; fileRef = D221964C1859BCC6007528EE /* FriendsListViewController.m */; };
		D22196501859C24C007528EE /* FriendsListTableViewCell.m in Sources */ = {isa = PBXBuildFile; fileRef = D221964F1859C24C007528EE /* FriendsListTableViewCell.m */; };
		D2219653185AACD8007528EE /* NSManagedObject+Helper.m in Sources */ = {isa = PBXBuildFile; fileRef = D2219652185AACD8007528EE /* NSManagedObject+Helper.m */; };
		D239770318474F230002D655 /* TSLogFormatter.m in Sources */ = {isa = PBXBuildFile; fileRef = D239770218474F230002D655 /* TSLogFormatter.m */; };
		D243757518488358000009D7 /* TSSettings.m in Sources */ = {isa = PBXBuildFile; fileRef = D243757418488358000009D7 /* TSSettings.m */; };
		D2437577184C3498000009D7 /* MapKit.framework in Frameworks */ = {isa = PBXBuildFile; fileRef = D2437576184C3497000009D7 /* MapKit.framework */; };
		D24667FB185F15F70089D5DB /* TutorialLoginViewController.m in Sources */ = {isa = PBXBuildFile; fileRef = D2C075CA1855C47200620114 /* TutorialLoginViewController.m */; };
		D24667FC185F15F70089D5DB /* MapTrackingViewController.m in Sources */ = {isa = PBXBuildFile; fileRef = D2A556FA184C37F60039A5A0 /* MapTrackingViewController.m */; };
		D24667FD185F15F70089D5DB /* TSLogFormatter.m in Sources */ = {isa = PBXBuildFile; fileRef = D239770218474F230002D655 /* TSLogFormatter.m */; };
		D24667FE185F15F70089D5DB /* MProductInfo.m in Sources */ = {isa = PBXBuildFile; fileRef = D2C91694185EECBA00452891 /* MProductInfo.m */; };
		D24667FF185F15F70089D5DB /* TimeTracker.m in Sources */ = {isa = PBXBuildFile; fileRef = D293E4F5184357B400B73795 /* TimeTracker.m */; };
		D2466800185F15F70089D5DB /* AppDelegate.m in Sources */ = {isa = PBXBuildFile; fileRef = D293E4C3183DEDEB00B73795 /* AppDelegate.m */; };
		D2466801185F15F70089D5DB /* TransactionHistoryTableViewCell.m in Sources */ = {isa = PBXBuildFile; fileRef = D2A67A99185C48B100889114 /* TransactionHistoryTableViewCell.m */; };
		D2466802185F15F70089D5DB /* AccountHeaderView.m in Sources */ = {isa = PBXBuildFile; fileRef = D2A67A93185C26E100889114 /* AccountHeaderView.m */; };
		D2466803185F15F70089D5DB /* TSSettings.m in Sources */ = {isa = PBXBuildFile; fileRef = D243757418488358000009D7 /* TSSettings.m */; };
		D2466804185F15F70089D5DB /* AvatarView.m in Sources */ = {isa = PBXBuildFile; fileRef = D2A67A87185B0EC000889114 /* AvatarView.m */; };
		D2466805185F15F70089D5DB /* MUserInfo.m in Sources */ = {isa = PBXBuildFile; fileRef = D2C075D21858092800620114 /* MUserInfo.m */; };
		D2466807185F15F70089D5DB /* ItemPickerViewController.m in Sources */ = {isa = PBXBuildFile; fileRef = D2C075C01852E29500620114 /* ItemPickerViewController.m */; };
		D2466808185F15F70089D5DB /* MItemInfo.m in Sources */ = {isa = PBXBuildFile; fileRef = D2C9168B185EEC7500452891 /* MItemInfo.m */; };
		D2466809185F15F70089D5DB /* FriendsListViewController.m in Sources */ = {isa = PBXBuildFile; fileRef = D221964C1859BCC6007528EE /* FriendsListViewController.m */; };
		D246680A185F15F70089D5DB /* ItemPickerScrollView.m in Sources */ = {isa = PBXBuildFile; fileRef = D2C075C318533B6A00620114 /* ItemPickerScrollView.m */; };
		D246680B185F15F70089D5DB /* HomeViewController.m in Sources */ = {isa = PBXBuildFile; fileRef = D2A36A931850AA6C004D3D99 /* HomeViewController.m */; };
		D246680C185F15F70089D5DB /* AccountInfoTableViewCell.m in Sources */ = {isa = PBXBuildFile; fileRef = D2A67A96185C487A00889114 /* AccountInfoTableViewCell.m */; };
		D246680D185F15F70089D5DB /* SlideMenuViewController.m in Sources */ = {isa = PBXBuildFile; fileRef = D293E4F1183DF24000B73795 /* SlideMenuViewController.m */; };
		D246680E185F15F70089D5DB /* ItemPickerTableViewCell.m in Sources */ = {isa = PBXBuildFile; fileRef = D2C075BD1852CACB00620114 /* ItemPickerTableViewCell.m */; };
		D246680F185F15F70089D5DB /* MapTrackingAnnotation.m in Sources */ = {isa = PBXBuildFile; fileRef = D2A55710184DBF4C0039A5A0 /* MapTrackingAnnotation.m */; };
		D2466810185F15F70089D5DB /* main.m in Sources */ = {isa = PBXBuildFile; fileRef = D293E4BF183DEDEB00B73795 /* main.m */; };
		D2466811185F15F70089D5DB /* MainTabBarController.m in Sources */ = {isa = PBXBuildFile; fileRef = D2A36A901850684A004D3D99 /* MainTabBarController.m */; };
		D2466812185F15F70089D5DB /* TSTheming.m in Sources */ = {isa = PBXBuildFile; fileRef = D2A36A85185046B2004D3D99 /* TSTheming.m */; };
		D2466813185F15F70089D5DB /* MItemSelectedOption.m in Sources */ = {isa = PBXBuildFile; fileRef = D2C9168E185EEC9000452891 /* MItemSelectedOption.m */; };
		D2466814185F15F70089D5DB /* NSManagedObject+Helper.m in Sources */ = {isa = PBXBuildFile; fileRef = D2219652185AACD8007528EE /* NSManagedObject+Helper.m */; };
		D2466816185F15F70089D5DB /* AccountViewController.m in Sources */ = {isa = PBXBuildFile; fileRef = D2A67A8D185B467400889114 /* AccountViewController.m */; };
		D2466817185F15F70089D5DB /* TSNavigationController.m in Sources */ = {isa = PBXBuildFile; fileRef = D2A36A8D18504ADE004D3D99 /* TSNavigationController.m */; };
		D2466818185F15F70089D5DB /* ToSavour.xcdatamodeld in Sources */ = {isa = PBXBuildFile; fileRef = D293E4C8183DEDEB00B73795 /* ToSavour.xcdatamodeld */; };
		D2466819185F15F70089D5DB /* FriendsListTableViewCell.m in Sources */ = {isa = PBXBuildFile; fileRef = D221964F1859C24C007528EE /* FriendsListTableViewCell.m */; };
		D246681A185F15F70089D5DB /* UIView+Helper.m in Sources */ = {isa = PBXBuildFile; fileRef = D2C075CF1857245E00620114 /* UIView+Helper.m */; };
		D246681D185F15F70089D5DB /* QuartzCore.framework in Frameworks */ = {isa = PBXBuildFile; fileRef = D2A67A81185ACA8A00889114 /* QuartzCore.framework */; };
		D246681E185F15F70089D5DB /* MapKit.framework in Frameworks */ = {isa = PBXBuildFile; fileRef = D2437576184C3497000009D7 /* MapKit.framework */; };
		D246681F185F15F70089D5DB /* CoreLocation.framework in Frameworks */ = {isa = PBXBuildFile; fileRef = D293E4F718435DC100B73795 /* CoreLocation.framework */; };
		D2466820185F15F70089D5DB /* CoreGraphics.framework in Frameworks */ = {isa = PBXBuildFile; fileRef = D293E4B3183DEDEB00B73795 /* CoreGraphics.framework */; };
		D2466821185F15F70089D5DB /* CoreData.framework in Frameworks */ = {isa = PBXBuildFile; fileRef = D293E4B7183DEDEB00B73795 /* CoreData.framework */; };
		D2466822185F15F70089D5DB /* UIKit.framework in Frameworks */ = {isa = PBXBuildFile; fileRef = D293E4B5183DEDEB00B73795 /* UIKit.framework */; };
		D2466823185F15F70089D5DB /* Foundation.framework in Frameworks */ = {isa = PBXBuildFile; fileRef = D293E4B1183DEDEB00B73795 /* Foundation.framework */; };
		D2466824185F15F70089D5DB /* libPods.a in Frameworks */ = {isa = PBXBuildFile; fileRef = C23BC4E3A4EF498CB2E1D08C /* libPods.a */; };
		D2466826185F15F70089D5DB /* Images.xcassets in Resources */ = {isa = PBXBuildFile; fileRef = D293E4D1183DEDEB00B73795 /* Images.xcassets */; };
		D2466827185F15F70089D5DB /* MProductConfigurableOption.json in Resources */ = {isa = PBXBuildFile; fileRef = D293EB27185F04ED00A69034 /* MProductConfigurableOption.json */; };
		D2466828185F15F70089D5DB /* MProductInfo.json in Resources */ = {isa = PBXBuildFile; fileRef = D293EB28185F04ED00A69034 /* MProductInfo.json */; };
		D2466829185F15F70089D5DB /* MProductOptionChoice.json in Resources */ = {isa = PBXBuildFile; fileRef = D293EB29185F04ED00A69034 /* MProductOptionChoice.json */; };
		D246682A185F15F70089D5DB /* InfoPlist.strings in Resources */ = {isa = PBXBuildFile; fileRef = D293E4BC183DEDEB00B73795 /* InfoPlist.strings */; };
		D246682B185F15F70089D5DB /* Main.storyboard in Resources */ = {isa = PBXBuildFile; fileRef = D293E4C5183DEDEB00B73795 /* Main.storyboard */; };
		D246682C185F15F70089D5DB /* AccountHeaderView.xib in Resources */ = {isa = PBXBuildFile; fileRef = D2A67A90185C21C500889114 /* AccountHeaderView.xib */; };
		D246682D185F15F70089D5DB /* MBranch.json in Resources */ = {isa = PBXBuildFile; fileRef = D2C075B61851D33F00620114 /* MBranch.json */; };
		D246683D186032BC0089D5DB /* CartHeaderView.xib in Resources */ = {isa = PBXBuildFile; fileRef = D246683C186032BC0089D5DB /* CartHeaderView.xib */; };
		D2466840186036BB0089D5DB /* CartHeaderView.m in Sources */ = {isa = PBXBuildFile; fileRef = D246683F186036BB0089D5DB /* CartHeaderView.m */; };
		D246684318603C800089D5DB /* CartViewController.m in Sources */ = {isa = PBXBuildFile; fileRef = D246684218603C800089D5DB /* CartViewController.m */; };
		D2466846186052450089D5DB /* CartItemTableViewCell.m in Sources */ = {isa = PBXBuildFile; fileRef = D2466845186052450089D5DB /* CartItemTableViewCell.m */; };
		D2466849186062DC0089D5DB /* NSString+Helper.m in Sources */ = {isa = PBXBuildFile; fileRef = D2466848186062DC0089D5DB /* NSString+Helper.m */; };
		D2827DAD1865540100E4A662 /* MGlobalConfiguration.m in Sources */ = {isa = PBXBuildFile; fileRef = D2827DAC1865540100E4A662 /* MGlobalConfiguration.m */; };
		D2827DB31867DB8800E4A662 /* MProductConfigurableOption.m in Sources */ = {isa = PBXBuildFile; fileRef = D2827DB21867DB8800E4A662 /* MProductConfigurableOption.m */; };
		D2827DB61867E64000E4A662 /* MProductOptionChoice.m in Sources */ = {isa = PBXBuildFile; fileRef = D2827DB51867E64000E4A662 /* MProductOptionChoice.m */; };
		D2827DB81867F92100E4A662 /* Security.framework in Frameworks */ = {isa = PBXBuildFile; fileRef = D2827DB71867F92100E4A662 /* Security.framework */; };
		D2827DBB1867F9DC00E4A662 /* SecurityManager.m in Sources */ = {isa = PBXBuildFile; fileRef = D2827DBA1867F9DC00E4A662 /* SecurityManager.m */; };
		D2827DD318694E4C00E4A662 /* MOrderInfo.m in Sources */ = {isa = PBXBuildFile; fileRef = D2827DD218694E4C00E4A662 /* MOrderInfo.m */; };
		D2827DD418694E4C00E4A662 /* MOrderInfo.m in Sources */ = {isa = PBXBuildFile; fileRef = D2827DD218694E4C00E4A662 /* MOrderInfo.m */; };
		D2827DDB186D882D00E4A662 /* ItemGridView.m in Sources */ = {isa = PBXBuildFile; fileRef = D2827DDA186D882D00E4A662 /* ItemGridView.m */; };
		D2827DDC186D882D00E4A662 /* ItemGridView.m in Sources */ = {isa = PBXBuildFile; fileRef = D2827DDA186D882D00E4A662 /* ItemGridView.m */; };
		D2827DE9187288C700E4A662 /* MUserFacebookInfo.m in Sources */ = {isa = PBXBuildFile; fileRef = D2827DE8187288C700E4A662 /* MUserFacebookInfo.m */; };
		D2827DF31875046B00E4A662 /* AddressBook.framework in Frameworks */ = {isa = PBXBuildFile; fileRef = D2827DF21875046B00E4A662 /* AddressBook.framework */; };
		D2827DF61875051F00E4A662 /* DataFetchManager.m in Sources */ = {isa = PBXBuildFile; fileRef = D2827DF51875051F00E4A662 /* DataFetchManager.m */; };
		D2827DF71875051F00E4A662 /* DataFetchManager.m in Sources */ = {isa = PBXBuildFile; fileRef = D2827DF51875051F00E4A662 /* DataFetchManager.m */; };
		D2827DFA187540BD00E4A662 /* NSArray+Helper.m in Sources */ = {isa = PBXBuildFile; fileRef = D2827DF9187540BD00E4A662 /* NSArray+Helper.m */; };
		D2827DFB187540BD00E4A662 /* NSArray+Helper.m in Sources */ = {isa = PBXBuildFile; fileRef = D2827DF9187540BD00E4A662 /* NSArray+Helper.m */; };
		D2827DFE18755B1400E4A662 /* MUserAddressBookInfo.m in Sources */ = {isa = PBXBuildFile; fileRef = D2827DFD18755B1400E4A662 /* MUserAddressBookInfo.m */; };
		D2827DFF18755B1400E4A662 /* MUserAddressBookInfo.m in Sources */ = {isa = PBXBuildFile; fileRef = D2827DFD18755B1400E4A662 /* MUserAddressBookInfo.m */; };
		D293E4B2183DEDEB00B73795 /* Foundation.framework in Frameworks */ = {isa = PBXBuildFile; fileRef = D293E4B1183DEDEB00B73795 /* Foundation.framework */; };
		D293E4B4183DEDEB00B73795 /* CoreGraphics.framework in Frameworks */ = {isa = PBXBuildFile; fileRef = D293E4B3183DEDEB00B73795 /* CoreGraphics.framework */; };
		D293E4B6183DEDEB00B73795 /* UIKit.framework in Frameworks */ = {isa = PBXBuildFile; fileRef = D293E4B5183DEDEB00B73795 /* UIKit.framework */; };
		D293E4B8183DEDEB00B73795 /* CoreData.framework in Frameworks */ = {isa = PBXBuildFile; fileRef = D293E4B7183DEDEB00B73795 /* CoreData.framework */; };
		D293E4BE183DEDEB00B73795 /* InfoPlist.strings in Resources */ = {isa = PBXBuildFile; fileRef = D293E4BC183DEDEB00B73795 /* InfoPlist.strings */; };
		D293E4C0183DEDEB00B73795 /* main.m in Sources */ = {isa = PBXBuildFile; fileRef = D293E4BF183DEDEB00B73795 /* main.m */; };
		D293E4C4183DEDEB00B73795 /* AppDelegate.m in Sources */ = {isa = PBXBuildFile; fileRef = D293E4C3183DEDEB00B73795 /* AppDelegate.m */; };
		D293E4C7183DEDEB00B73795 /* Main.storyboard in Resources */ = {isa = PBXBuildFile; fileRef = D293E4C5183DEDEB00B73795 /* Main.storyboard */; };
		D293E4CA183DEDEB00B73795 /* ToSavour.xcdatamodeld in Sources */ = {isa = PBXBuildFile; fileRef = D293E4C8183DEDEB00B73795 /* ToSavour.xcdatamodeld */; };
		D293E4D2183DEDEB00B73795 /* Images.xcassets in Resources */ = {isa = PBXBuildFile; fileRef = D293E4D1183DEDEB00B73795 /* Images.xcassets */; };
		D293E4D9183DEDEB00B73795 /* XCTest.framework in Frameworks */ = {isa = PBXBuildFile; fileRef = D293E4D8183DEDEB00B73795 /* XCTest.framework */; };
		D293E4DA183DEDEB00B73795 /* Foundation.framework in Frameworks */ = {isa = PBXBuildFile; fileRef = D293E4B1183DEDEB00B73795 /* Foundation.framework */; };
		D293E4DB183DEDEB00B73795 /* UIKit.framework in Frameworks */ = {isa = PBXBuildFile; fileRef = D293E4B5183DEDEB00B73795 /* UIKit.framework */; };
		D293E4DC183DEDEB00B73795 /* CoreData.framework in Frameworks */ = {isa = PBXBuildFile; fileRef = D293E4B7183DEDEB00B73795 /* CoreData.framework */; };
		D293E4E4183DEDEB00B73795 /* InfoPlist.strings in Resources */ = {isa = PBXBuildFile; fileRef = D293E4E2183DEDEB00B73795 /* InfoPlist.strings */; };
		D293E4E6183DEDEB00B73795 /* ToSavourTests.m in Sources */ = {isa = PBXBuildFile; fileRef = D293E4E5183DEDEB00B73795 /* ToSavourTests.m */; };
		D293E4F2183DF24000B73795 /* SlideMenuViewController.m in Sources */ = {isa = PBXBuildFile; fileRef = D293E4F1183DF24000B73795 /* SlideMenuViewController.m */; };
		D293E4F6184357B400B73795 /* TimeTracker.m in Sources */ = {isa = PBXBuildFile; fileRef = D293E4F5184357B400B73795 /* TimeTracker.m */; };
		D293E4F818435DC100B73795 /* CoreLocation.framework in Frameworks */ = {isa = PBXBuildFile; fileRef = D293E4F718435DC100B73795 /* CoreLocation.framework */; };
		D293EB2A185F04ED00A69034 /* MProductConfigurableOption.json in Resources */ = {isa = PBXBuildFile; fileRef = D293EB27185F04ED00A69034 /* MProductConfigurableOption.json */; };
		D293EB2B185F04ED00A69034 /* MProductInfo.json in Resources */ = {isa = PBXBuildFile; fileRef = D293EB28185F04ED00A69034 /* MProductInfo.json */; };
		D293EB2C185F04ED00A69034 /* MProductOptionChoice.json in Resources */ = {isa = PBXBuildFile; fileRef = D293EB29185F04ED00A69034 /* MProductOptionChoice.json */; };
		D2A36A86185046B2004D3D99 /* TSTheming.m in Sources */ = {isa = PBXBuildFile; fileRef = D2A36A85185046B2004D3D99 /* TSTheming.m */; };
		D2A36A8E18504ADE004D3D99 /* TSNavigationController.m in Sources */ = {isa = PBXBuildFile; fileRef = D2A36A8D18504ADE004D3D99 /* TSNavigationController.m */; };
		D2A36A911850684A004D3D99 /* MainTabBarController.m in Sources */ = {isa = PBXBuildFile; fileRef = D2A36A901850684A004D3D99 /* MainTabBarController.m */; };
		D2A36A941850AA6C004D3D99 /* HomeViewController.m in Sources */ = {isa = PBXBuildFile; fileRef = D2A36A931850AA6C004D3D99 /* HomeViewController.m */; };
		D2A556FB184C37F60039A5A0 /* MapTrackingViewController.m in Sources */ = {isa = PBXBuildFile; fileRef = D2A556FA184C37F60039A5A0 /* MapTrackingViewController.m */; };
		D2A55711184DBF4C0039A5A0 /* MapTrackingAnnotation.m in Sources */ = {isa = PBXBuildFile; fileRef = D2A55710184DBF4C0039A5A0 /* MapTrackingAnnotation.m */; };
		D2A67A82185ACA8A00889114 /* QuartzCore.framework in Frameworks */ = {isa = PBXBuildFile; fileRef = D2A67A81185ACA8A00889114 /* QuartzCore.framework */; };
		D2A67A88185B0EC000889114 /* AvatarView.m in Sources */ = {isa = PBXBuildFile; fileRef = D2A67A87185B0EC000889114 /* AvatarView.m */; };
		D2A67A8E185B467400889114 /* AccountViewController.m in Sources */ = {isa = PBXBuildFile; fileRef = D2A67A8D185B467400889114 /* AccountViewController.m */; };
		D2A67A91185C21C500889114 /* AccountHeaderView.xib in Resources */ = {isa = PBXBuildFile; fileRef = D2A67A90185C21C500889114 /* AccountHeaderView.xib */; };
		D2A67A94185C26E100889114 /* AccountHeaderView.m in Sources */ = {isa = PBXBuildFile; fileRef = D2A67A93185C26E100889114 /* AccountHeaderView.m */; };
		D2A67A97185C487A00889114 /* AccountInfoTableViewCell.m in Sources */ = {isa = PBXBuildFile; fileRef = D2A67A96185C487A00889114 /* AccountInfoTableViewCell.m */; };
		D2A67A9A185C48B100889114 /* TransactionHistoryTableViewCell.m in Sources */ = {isa = PBXBuildFile; fileRef = D2A67A99185C48B100889114 /* TransactionHistoryTableViewCell.m */; };
		D2C075B71851D33F00620114 /* MBranch.json in Resources */ = {isa = PBXBuildFile; fileRef = D2C075B61851D33F00620114 /* MBranch.json */; };
		D2C075BE1852CACB00620114 /* ItemPickerTableViewCell.m in Sources */ = {isa = PBXBuildFile; fileRef = D2C075BD1852CACB00620114 /* ItemPickerTableViewCell.m */; };
		D2C075C11852E29500620114 /* ItemPickerViewController.m in Sources */ = {isa = PBXBuildFile; fileRef = D2C075C01852E29500620114 /* ItemPickerViewController.m */; };
		D2C075C418533B6A00620114 /* ItemPickerScrollView.m in Sources */ = {isa = PBXBuildFile; fileRef = D2C075C318533B6A00620114 /* ItemPickerScrollView.m */; };
		D2C075CB1855C47200620114 /* TutorialLoginViewController.m in Sources */ = {isa = PBXBuildFile; fileRef = D2C075CA1855C47200620114 /* TutorialLoginViewController.m */; };
		D2C075D01857245E00620114 /* UIView+Helper.m in Sources */ = {isa = PBXBuildFile; fileRef = D2C075CF1857245E00620114 /* UIView+Helper.m */; };
		D2C075D31858092800620114 /* MUserInfo.m in Sources */ = {isa = PBXBuildFile; fileRef = D2C075D21858092800620114 /* MUserInfo.m */; };
		D2C9168C185EEC7500452891 /* MItemInfo.m in Sources */ = {isa = PBXBuildFile; fileRef = D2C9168B185EEC7500452891 /* MItemInfo.m */; };
		D2C9168F185EEC9000452891 /* MItemSelectedOption.m in Sources */ = {isa = PBXBuildFile; fileRef = D2C9168E185EEC9000452891 /* MItemSelectedOption.m */; };
		D2C91695185EECBA00452891 /* MProductInfo.m in Sources */ = {isa = PBXBuildFile; fileRef = D2C91694185EECBA00452891 /* MProductInfo.m */; };
		DF26BEB518653FC400598CA0 /* TSGamePlayHistory.m in Sources */ = {isa = PBXBuildFile; fileRef = DF26BEB418653FC400598CA0 /* TSGamePlayHistory.m */; };
		DF3075C8186D6224002D40AF /* imageNotFound.jpg in Resources */ = {isa = PBXBuildFile; fileRef = DF3075C7186D6224002D40AF /* imageNotFound.jpg */; };
		DF60E74D185B47BA00DB10DE /* PhotoHuntGridButton.m in Sources */ = {isa = PBXBuildFile; fileRef = DF60E74C185B47BA00DB10DE /* PhotoHuntGridButton.m */; };
		DF60E750185C0D8000DB10DE /* PhotoHuntManager.m in Sources */ = {isa = PBXBuildFile; fileRef = DF60E74F185C0D8000DB10DE /* PhotoHuntManager.m */; };
		DF60E756185C455200DB10DE /* PhotoHuntImageView.m in Sources */ = {isa = PBXBuildFile; fileRef = DF60E755185C455200DB10DE /* PhotoHuntImageView.m */; };
		DF60E759185C642F00DB10DE /* NSMutableArray+Shuffle.m in Sources */ = {isa = PBXBuildFile; fileRef = DF60E758185C642F00DB10DE /* NSMutableArray+Shuffle.m */; };
		DF852709185EDDBC0087E247 /* TSGame.m in Sources */ = {isa = PBXBuildFile; fileRef = DF852708185EDDBC0087E247 /* TSGame.m */; };
		DF85270C185EDE450087E247 /* TSGameDownloadManager.m in Sources */ = {isa = PBXBuildFile; fileRef = DF85270B185EDE450087E247 /* TSGameDownloadManager.m */; };
		DF9DB5401861D3DA00FD315E /* TSZipArchive.m in Sources */ = {isa = PBXBuildFile; fileRef = DF9DB53F1861D3DA00FD315E /* TSZipArchive.m */; };
		DFBDA14C1856111500BF3755 /* PhotoHuntViewController.m in Sources */ = {isa = PBXBuildFile; fileRef = DFBDA14B1856111500BF3755 /* PhotoHuntViewController.m */; };
		DFE628A518558AD600E1C8FE /* DailyGameStoryboard.storyboard in Resources */ = {isa = PBXBuildFile; fileRef = DFE628A418558AD600E1C8FE /* DailyGameStoryboard.storyboard */; };
		DFE628A81855992800E1C8FE /* ChooseGameViewController.m in Sources */ = {isa = PBXBuildFile; fileRef = DFE628A71855992800E1C8FE /* ChooseGameViewController.m */; };
		DFE628AD1855AF2C00E1C8FE /* TSGameServiceCalls.m in Sources */ = {isa = PBXBuildFile; fileRef = DFE628AC1855AF2C00E1C8FE /* TSGameServiceCalls.m */; };
		DFE628B11855FB7D00E1C8FE /* AreYouReadyViewController.m in Sources */ = {isa = PBXBuildFile; fileRef = DFE628B01855FB7D00E1C8FE /* AreYouReadyViewController.m */; };
		DFE628B41855FE0D00E1C8FE /* CountDownButton.m in Sources */ = {isa = PBXBuildFile; fileRef = DFE628B31855FE0C00E1C8FE /* CountDownButton.m */; };
/* End PBXBuildFile section */

/* Begin PBXContainerItemProxy section */
		D293E4DD183DEDEB00B73795 /* PBXContainerItemProxy */ = {
			isa = PBXContainerItemProxy;
			containerPortal = D293E4A6183DEDEB00B73795 /* Project object */;
			proxyType = 1;
			remoteGlobalIDString = D293E4AD183DEDEB00B73795;
			remoteInfo = ToSavour;
		};
/* End PBXContainerItemProxy section */

/* Begin PBXFileReference section */
		257842E4F2DE434C98166E63 /* Pods.xcconfig */ = {isa = PBXFileReference; includeInIndex = 1; lastKnownFileType = text.xcconfig; name = Pods.xcconfig; path = Pods/Pods.xcconfig; sourceTree = "<group>"; };
		C23BC4E3A4EF498CB2E1D08C /* libPods.a */ = {isa = PBXFileReference; explicitFileType = archive.ar; includeInIndex = 0; path = libPods.a; sourceTree = BUILT_PRODUCTS_DIR; };
		D214BE051862DAF000812BA5 /* RestManager.h */ = {isa = PBXFileReference; fileEncoding = 4; lastKnownFileType = sourcecode.c.h; name = RestManager.h; path = BackEnd/RestManager.h; sourceTree = "<group>"; };
		D214BE061862DAF000812BA5 /* RestManager.m */ = {isa = PBXFileReference; fileEncoding = 4; lastKnownFileType = sourcecode.c.objc; name = RestManager.m; path = BackEnd/RestManager.m; sourceTree = "<group>"; };
		D221964718598E0B007528EE /* RKMappableEntity.h */ = {isa = PBXFileReference; lastKnownFileType = sourcecode.c.h; name = RKMappableEntity.h; path = BackEnd/RKMappableEntity.h; sourceTree = "<group>"; };
		D221964B1859BCC6007528EE /* FriendsListViewController.h */ = {isa = PBXFileReference; fileEncoding = 4; lastKnownFileType = sourcecode.c.h; name = FriendsListViewController.h; path = FrontEnd/FriendsListViewController.h; sourceTree = "<group>"; };
		D221964C1859BCC6007528EE /* FriendsListViewController.m */ = {isa = PBXFileReference; fileEncoding = 4; lastKnownFileType = sourcecode.c.objc; name = FriendsListViewController.m; path = FrontEnd/FriendsListViewController.m; sourceTree = "<group>"; };
		D221964E1859C24C007528EE /* FriendsListTableViewCell.h */ = {isa = PBXFileReference; fileEncoding = 4; lastKnownFileType = sourcecode.c.h; name = FriendsListTableViewCell.h; path = FrontEnd/Views/FriendsListTableViewCell.h; sourceTree = "<group>"; };
		D221964F1859C24C007528EE /* FriendsListTableViewCell.m */ = {isa = PBXFileReference; fileEncoding = 4; lastKnownFileType = sourcecode.c.objc; name = FriendsListTableViewCell.m; path = FrontEnd/Views/FriendsListTableViewCell.m; sourceTree = "<group>"; };
		D2219651185AACD8007528EE /* NSManagedObject+Helper.h */ = {isa = PBXFileReference; fileEncoding = 4; lastKnownFileType = sourcecode.c.h; name = "NSManagedObject+Helper.h"; path = "Utilities/NSManagedObject+Helper.h"; sourceTree = "<group>"; };
		D2219652185AACD8007528EE /* NSManagedObject+Helper.m */ = {isa = PBXFileReference; fileEncoding = 4; lastKnownFileType = sourcecode.c.objc; name = "NSManagedObject+Helper.m"; path = "Utilities/NSManagedObject+Helper.m"; sourceTree = "<group>"; };
		D2219654185AAD5C007528EE /* TSFrontEndIncludes.h */ = {isa = PBXFileReference; lastKnownFileType = sourcecode.c.h; name = TSFrontEndIncludes.h; path = Utilities/TSFrontEndIncludes.h; sourceTree = "<group>"; };
		D239770118474F230002D655 /* TSLogFormatter.h */ = {isa = PBXFileReference; fileEncoding = 4; lastKnownFileType = sourcecode.c.h; name = TSLogFormatter.h; path = Utilities/TSLogFormatter.h; sourceTree = "<group>"; };
		D239770218474F230002D655 /* TSLogFormatter.m */ = {isa = PBXFileReference; fileEncoding = 4; lastKnownFileType = sourcecode.c.objc; name = TSLogFormatter.m; path = Utilities/TSLogFormatter.m; sourceTree = "<group>"; };
		D243757318488358000009D7 /* TSSettings.h */ = {isa = PBXFileReference; fileEncoding = 4; lastKnownFileType = sourcecode.c.h; name = TSSettings.h; path = Utilities/TSSettings.h; sourceTree = "<group>"; };
		D243757418488358000009D7 /* TSSettings.m */ = {isa = PBXFileReference; fileEncoding = 4; lastKnownFileType = sourcecode.c.objc; name = TSSettings.m; path = Utilities/TSSettings.m; sourceTree = "<group>"; };
		D2437576184C3497000009D7 /* MapKit.framework */ = {isa = PBXFileReference; lastKnownFileType = wrapper.framework; name = MapKit.framework; path = System/Library/Frameworks/MapKit.framework; sourceTree = SDKROOT; };
		D2466832185F15F70089D5DB /* ToSavour copy.app */ = {isa = PBXFileReference; explicitFileType = wrapper.application; includeInIndex = 0; path = "ToSavour copy.app"; sourceTree = BUILT_PRODUCTS_DIR; };
		D2466833185F15F90089D5DB /* ToSavour copy-Info.plist */ = {isa = PBXFileReference; lastKnownFileType = text.plist.xml; name = "ToSavour copy-Info.plist"; path = "/Users/jasonwan/workspace/git/tosavour_ios/ToSavour-iOS/ToSavour copy-Info.plist"; sourceTree = "<absolute>"; };
		D246683C186032BC0089D5DB /* CartHeaderView.xib */ = {isa = PBXFileReference; fileEncoding = 4; lastKnownFileType = file.xib; name = CartHeaderView.xib; path = FrontEnd/Views/CartHeaderView.xib; sourceTree = "<group>"; };
		D246683E186036BB0089D5DB /* CartHeaderView.h */ = {isa = PBXFileReference; fileEncoding = 4; lastKnownFileType = sourcecode.c.h; name = CartHeaderView.h; path = FrontEnd/Views/CartHeaderView.h; sourceTree = "<group>"; };
		D246683F186036BB0089D5DB /* CartHeaderView.m */ = {isa = PBXFileReference; fileEncoding = 4; lastKnownFileType = sourcecode.c.objc; name = CartHeaderView.m; path = FrontEnd/Views/CartHeaderView.m; sourceTree = "<group>"; };
		D246684118603C800089D5DB /* CartViewController.h */ = {isa = PBXFileReference; fileEncoding = 4; lastKnownFileType = sourcecode.c.h; name = CartViewController.h; path = FrontEnd/CartViewController.h; sourceTree = "<group>"; };
		D246684218603C800089D5DB /* CartViewController.m */ = {isa = PBXFileReference; fileEncoding = 4; lastKnownFileType = sourcecode.c.objc; name = CartViewController.m; path = FrontEnd/CartViewController.m; sourceTree = "<group>"; };
		D2466844186052450089D5DB /* CartItemTableViewCell.h */ = {isa = PBXFileReference; fileEncoding = 4; lastKnownFileType = sourcecode.c.h; name = CartItemTableViewCell.h; path = FrontEnd/Views/CartItemTableViewCell.h; sourceTree = "<group>"; };
		D2466845186052450089D5DB /* CartItemTableViewCell.m */ = {isa = PBXFileReference; fileEncoding = 4; lastKnownFileType = sourcecode.c.objc; name = CartItemTableViewCell.m; path = FrontEnd/Views/CartItemTableViewCell.m; sourceTree = "<group>"; };
		D2466847186062DC0089D5DB /* NSString+Helper.h */ = {isa = PBXFileReference; fileEncoding = 4; lastKnownFileType = sourcecode.c.h; name = "NSString+Helper.h"; path = "Utilities/NSString+Helper.h"; sourceTree = "<group>"; };
		D2466848186062DC0089D5DB /* NSString+Helper.m */ = {isa = PBXFileReference; fileEncoding = 4; lastKnownFileType = sourcecode.c.objc; name = "NSString+Helper.m"; path = "Utilities/NSString+Helper.m"; sourceTree = "<group>"; };
		D2827DAB1865540100E4A662 /* MGlobalConfiguration.h */ = {isa = PBXFileReference; fileEncoding = 4; lastKnownFileType = sourcecode.c.h; name = MGlobalConfiguration.h; path = BackEnd/Model/MGlobalConfiguration.h; sourceTree = "<group>"; };
		D2827DAC1865540100E4A662 /* MGlobalConfiguration.m */ = {isa = PBXFileReference; fileEncoding = 4; lastKnownFileType = sourcecode.c.objc; name = MGlobalConfiguration.m; path = BackEnd/Model/MGlobalConfiguration.m; sourceTree = "<group>"; };
		D2827DB11867DB8800E4A662 /* MProductConfigurableOption.h */ = {isa = PBXFileReference; fileEncoding = 4; lastKnownFileType = sourcecode.c.h; name = MProductConfigurableOption.h; path = BackEnd/Model/MProductConfigurableOption.h; sourceTree = "<group>"; };
		D2827DB21867DB8800E4A662 /* MProductConfigurableOption.m */ = {isa = PBXFileReference; fileEncoding = 4; lastKnownFileType = sourcecode.c.objc; name = MProductConfigurableOption.m; path = BackEnd/Model/MProductConfigurableOption.m; sourceTree = "<group>"; };
		D2827DB41867E64000E4A662 /* MProductOptionChoice.h */ = {isa = PBXFileReference; fileEncoding = 4; lastKnownFileType = sourcecode.c.h; name = MProductOptionChoice.h; path = BackEnd/Model/MProductOptionChoice.h; sourceTree = "<group>"; };
		D2827DB51867E64000E4A662 /* MProductOptionChoice.m */ = {isa = PBXFileReference; fileEncoding = 4; lastKnownFileType = sourcecode.c.objc; name = MProductOptionChoice.m; path = BackEnd/Model/MProductOptionChoice.m; sourceTree = "<group>"; };
		D2827DB71867F92100E4A662 /* Security.framework */ = {isa = PBXFileReference; lastKnownFileType = wrapper.framework; name = Security.framework; path = System/Library/Frameworks/Security.framework; sourceTree = SDKROOT; };
		D2827DB91867F9DC00E4A662 /* SecurityManager.h */ = {isa = PBXFileReference; fileEncoding = 4; lastKnownFileType = sourcecode.c.h; name = SecurityManager.h; path = BackEnd/SecurityManager.h; sourceTree = "<group>"; };
		D2827DBA1867F9DC00E4A662 /* SecurityManager.m */ = {isa = PBXFileReference; fileEncoding = 4; lastKnownFileType = sourcecode.c.objc; name = SecurityManager.m; path = BackEnd/SecurityManager.m; sourceTree = "<group>"; };
		D2827DD118694E4C00E4A662 /* MOrderInfo.h */ = {isa = PBXFileReference; fileEncoding = 4; lastKnownFileType = sourcecode.c.h; name = MOrderInfo.h; path = BackEnd/Model/MOrderInfo.h; sourceTree = "<group>"; };
		D2827DD218694E4C00E4A662 /* MOrderInfo.m */ = {isa = PBXFileReference; fileEncoding = 4; lastKnownFileType = sourcecode.c.objc; name = MOrderInfo.m; path = BackEnd/Model/MOrderInfo.m; sourceTree = "<group>"; };
		D2827DD9186D882D00E4A662 /* ItemGridView.h */ = {isa = PBXFileReference; fileEncoding = 4; lastKnownFileType = sourcecode.c.h; name = ItemGridView.h; path = FrontEnd/ItemGridView.h; sourceTree = "<group>"; };
		D2827DDA186D882D00E4A662 /* ItemGridView.m */ = {isa = PBXFileReference; fileEncoding = 4; lastKnownFileType = sourcecode.c.objc; name = ItemGridView.m; path = FrontEnd/ItemGridView.m; sourceTree = "<group>"; };
		D2827DE7187288C700E4A662 /* MUserFacebookInfo.h */ = {isa = PBXFileReference; fileEncoding = 4; lastKnownFileType = sourcecode.c.h; name = MUserFacebookInfo.h; path = BackEnd/Model/MUserFacebookInfo.h; sourceTree = "<group>"; };
		D2827DE8187288C700E4A662 /* MUserFacebookInfo.m */ = {isa = PBXFileReference; fileEncoding = 4; lastKnownFileType = sourcecode.c.objc; name = MUserFacebookInfo.m; path = BackEnd/Model/MUserFacebookInfo.m; sourceTree = "<group>"; };
		D2827DF21875046B00E4A662 /* AddressBook.framework */ = {isa = PBXFileReference; lastKnownFileType = wrapper.framework; name = AddressBook.framework; path = System/Library/Frameworks/AddressBook.framework; sourceTree = SDKROOT; };
		D2827DF41875051F00E4A662 /* DataFetchManager.h */ = {isa = PBXFileReference; fileEncoding = 4; lastKnownFileType = sourcecode.c.h; name = DataFetchManager.h; path = BackEnd/DataFetchManager.h; sourceTree = "<group>"; };
		D2827DF51875051F00E4A662 /* DataFetchManager.m */ = {isa = PBXFileReference; fileEncoding = 4; lastKnownFileType = sourcecode.c.objc; name = DataFetchManager.m; path = BackEnd/DataFetchManager.m; sourceTree = "<group>"; };
		D2827DF8187540BD00E4A662 /* NSArray+Helper.h */ = {isa = PBXFileReference; fileEncoding = 4; lastKnownFileType = sourcecode.c.h; name = "NSArray+Helper.h"; path = "Utilities/NSArray+Helper.h"; sourceTree = "<group>"; };
		D2827DF9187540BD00E4A662 /* NSArray+Helper.m */ = {isa = PBXFileReference; fileEncoding = 4; lastKnownFileType = sourcecode.c.objc; name = "NSArray+Helper.m"; path = "Utilities/NSArray+Helper.m"; sourceTree = "<group>"; };
		D2827DFC18755B1400E4A662 /* MUserAddressBookInfo.h */ = {isa = PBXFileReference; fileEncoding = 4; lastKnownFileType = sourcecode.c.h; name = MUserAddressBookInfo.h; path = BackEnd/Model/MUserAddressBookInfo.h; sourceTree = "<group>"; };
		D2827DFD18755B1400E4A662 /* MUserAddressBookInfo.m */ = {isa = PBXFileReference; fileEncoding = 4; lastKnownFileType = sourcecode.c.objc; name = MUserAddressBookInfo.m; path = BackEnd/Model/MUserAddressBookInfo.m; sourceTree = "<group>"; };
		D293E4AE183DEDEB00B73795 /* ToSavour.app */ = {isa = PBXFileReference; explicitFileType = wrapper.application; includeInIndex = 0; path = ToSavour.app; sourceTree = BUILT_PRODUCTS_DIR; };
		D293E4B1183DEDEB00B73795 /* Foundation.framework */ = {isa = PBXFileReference; lastKnownFileType = wrapper.framework; name = Foundation.framework; path = System/Library/Frameworks/Foundation.framework; sourceTree = SDKROOT; };
		D293E4B3183DEDEB00B73795 /* CoreGraphics.framework */ = {isa = PBXFileReference; lastKnownFileType = wrapper.framework; name = CoreGraphics.framework; path = System/Library/Frameworks/CoreGraphics.framework; sourceTree = SDKROOT; };
		D293E4B5183DEDEB00B73795 /* UIKit.framework */ = {isa = PBXFileReference; lastKnownFileType = wrapper.framework; name = UIKit.framework; path = System/Library/Frameworks/UIKit.framework; sourceTree = SDKROOT; };
		D293E4B7183DEDEB00B73795 /* CoreData.framework */ = {isa = PBXFileReference; lastKnownFileType = wrapper.framework; name = CoreData.framework; path = System/Library/Frameworks/CoreData.framework; sourceTree = SDKROOT; };
		D293E4BB183DEDEB00B73795 /* ToSavour-Info.plist */ = {isa = PBXFileReference; lastKnownFileType = text.plist.xml; path = "ToSavour-Info.plist"; sourceTree = "<group>"; };
		D293E4BD183DEDEB00B73795 /* en */ = {isa = PBXFileReference; lastKnownFileType = text.plist.strings; name = en; path = en.lproj/InfoPlist.strings; sourceTree = "<group>"; };
		D293E4BF183DEDEB00B73795 /* main.m */ = {isa = PBXFileReference; lastKnownFileType = sourcecode.c.objc; path = main.m; sourceTree = "<group>"; };
		D293E4C1183DEDEB00B73795 /* ToSavour-Prefix.pch */ = {isa = PBXFileReference; lastKnownFileType = sourcecode.c.h; path = "ToSavour-Prefix.pch"; sourceTree = "<group>"; };
		D293E4C2183DEDEB00B73795 /* AppDelegate.h */ = {isa = PBXFileReference; lastKnownFileType = sourcecode.c.h; path = AppDelegate.h; sourceTree = "<group>"; };
		D293E4C3183DEDEB00B73795 /* AppDelegate.m */ = {isa = PBXFileReference; lastKnownFileType = sourcecode.c.objc; path = AppDelegate.m; sourceTree = "<group>"; };
		D293E4C6183DEDEB00B73795 /* Base */ = {isa = PBXFileReference; lastKnownFileType = file.storyboard; name = Base; path = Base.lproj/Main.storyboard; sourceTree = "<group>"; };
		D293E4C9183DEDEB00B73795 /* ToSavour.xcdatamodel */ = {isa = PBXFileReference; lastKnownFileType = wrapper.xcdatamodel; path = ToSavour.xcdatamodel; sourceTree = "<group>"; };
		D293E4D1183DEDEB00B73795 /* Images.xcassets */ = {isa = PBXFileReference; lastKnownFileType = folder.assetcatalog; path = Images.xcassets; sourceTree = "<group>"; };
		D293E4D7183DEDEB00B73795 /* ToSavourTests.xctest */ = {isa = PBXFileReference; explicitFileType = wrapper.cfbundle; includeInIndex = 0; path = ToSavourTests.xctest; sourceTree = BUILT_PRODUCTS_DIR; };
		D293E4D8183DEDEB00B73795 /* XCTest.framework */ = {isa = PBXFileReference; lastKnownFileType = wrapper.framework; name = XCTest.framework; path = Library/Frameworks/XCTest.framework; sourceTree = DEVELOPER_DIR; };
		D293E4E1183DEDEB00B73795 /* ToSavourTests-Info.plist */ = {isa = PBXFileReference; lastKnownFileType = text.plist.xml; path = "ToSavourTests-Info.plist"; sourceTree = "<group>"; };
		D293E4E3183DEDEB00B73795 /* en */ = {isa = PBXFileReference; lastKnownFileType = text.plist.strings; name = en; path = en.lproj/InfoPlist.strings; sourceTree = "<group>"; };
		D293E4E5183DEDEB00B73795 /* ToSavourTests.m */ = {isa = PBXFileReference; lastKnownFileType = sourcecode.c.objc; path = ToSavourTests.m; sourceTree = "<group>"; };
		D293E4F0183DF24000B73795 /* SlideMenuViewController.h */ = {isa = PBXFileReference; fileEncoding = 4; lastKnownFileType = sourcecode.c.h; name = SlideMenuViewController.h; path = FrontEnd/SlideMenuViewController.h; sourceTree = "<group>"; };
		D293E4F1183DF24000B73795 /* SlideMenuViewController.m */ = {isa = PBXFileReference; fileEncoding = 4; lastKnownFileType = sourcecode.c.objc; name = SlideMenuViewController.m; path = FrontEnd/SlideMenuViewController.m; sourceTree = "<group>"; };
		D293E4F4184357B400B73795 /* TimeTracker.h */ = {isa = PBXFileReference; fileEncoding = 4; lastKnownFileType = sourcecode.c.h; name = TimeTracker.h; path = BackEnd/TimeTracker.h; sourceTree = "<group>"; };
		D293E4F5184357B400B73795 /* TimeTracker.m */ = {isa = PBXFileReference; fileEncoding = 4; lastKnownFileType = sourcecode.c.objc; name = TimeTracker.m; path = BackEnd/TimeTracker.m; sourceTree = "<group>"; };
		D293E4F718435DC100B73795 /* CoreLocation.framework */ = {isa = PBXFileReference; lastKnownFileType = wrapper.framework; name = CoreLocation.framework; path = System/Library/Frameworks/CoreLocation.framework; sourceTree = SDKROOT; };
		D293EB27185F04ED00A69034 /* MProductConfigurableOption.json */ = {isa = PBXFileReference; fileEncoding = 4; lastKnownFileType = text.json; name = MProductConfigurableOption.json; path = Resource/MProductConfigurableOption.json; sourceTree = "<group>"; };
		D293EB28185F04ED00A69034 /* MProductInfo.json */ = {isa = PBXFileReference; fileEncoding = 4; lastKnownFileType = text.json; name = MProductInfo.json; path = Resource/MProductInfo.json; sourceTree = "<group>"; };
		D293EB29185F04ED00A69034 /* MProductOptionChoice.json */ = {isa = PBXFileReference; fileEncoding = 4; lastKnownFileType = text.json; name = MProductOptionChoice.json; path = Resource/MProductOptionChoice.json; sourceTree = "<group>"; };
		D2A36A84185046B2004D3D99 /* TSTheming.h */ = {isa = PBXFileReference; fileEncoding = 4; lastKnownFileType = sourcecode.c.h; name = TSTheming.h; path = Utilities/TSTheming.h; sourceTree = "<group>"; };
		D2A36A85185046B2004D3D99 /* TSTheming.m */ = {isa = PBXFileReference; fileEncoding = 4; lastKnownFileType = sourcecode.c.objc; name = TSTheming.m; path = Utilities/TSTheming.m; sourceTree = "<group>"; };
		D2A36A8718504743004D3D99 /* Defines.h */ = {isa = PBXFileReference; lastKnownFileType = sourcecode.c.h; name = Defines.h; path = Utilities/Defines.h; sourceTree = "<group>"; };
		D2A36A8C18504ADE004D3D99 /* TSNavigationController.h */ = {isa = PBXFileReference; fileEncoding = 4; lastKnownFileType = sourcecode.c.h; name = TSNavigationController.h; path = FrontEnd/CustomUI/TSNavigationController.h; sourceTree = "<group>"; };
		D2A36A8D18504ADE004D3D99 /* TSNavigationController.m */ = {isa = PBXFileReference; fileEncoding = 4; lastKnownFileType = sourcecode.c.objc; name = TSNavigationController.m; path = FrontEnd/CustomUI/TSNavigationController.m; sourceTree = "<group>"; };
		D2A36A8F1850684A004D3D99 /* MainTabBarController.h */ = {isa = PBXFileReference; fileEncoding = 4; lastKnownFileType = sourcecode.c.h; name = MainTabBarController.h; path = FrontEnd/MainTabBarController.h; sourceTree = "<group>"; };
		D2A36A901850684A004D3D99 /* MainTabBarController.m */ = {isa = PBXFileReference; fileEncoding = 4; lastKnownFileType = sourcecode.c.objc; name = MainTabBarController.m; path = FrontEnd/MainTabBarController.m; sourceTree = "<group>"; };
		D2A36A921850AA6C004D3D99 /* HomeViewController.h */ = {isa = PBXFileReference; fileEncoding = 4; lastKnownFileType = sourcecode.c.h; name = HomeViewController.h; path = FrontEnd/HomeViewController.h; sourceTree = "<group>"; };
		D2A36A931850AA6C004D3D99 /* HomeViewController.m */ = {isa = PBXFileReference; fileEncoding = 4; lastKnownFileType = sourcecode.c.objc; name = HomeViewController.m; path = FrontEnd/HomeViewController.m; sourceTree = "<group>"; };
		D2A556F9184C37F60039A5A0 /* MapTrackingViewController.h */ = {isa = PBXFileReference; fileEncoding = 4; lastKnownFileType = sourcecode.c.h; name = MapTrackingViewController.h; path = FrontEnd/MapTrackingViewController.h; sourceTree = "<group>"; };
		D2A556FA184C37F60039A5A0 /* MapTrackingViewController.m */ = {isa = PBXFileReference; fileEncoding = 4; lastKnownFileType = sourcecode.c.objc; name = MapTrackingViewController.m; path = FrontEnd/MapTrackingViewController.m; sourceTree = "<group>"; };
		D2A5570F184DBF4C0039A5A0 /* MapTrackingAnnotation.h */ = {isa = PBXFileReference; fileEncoding = 4; lastKnownFileType = sourcecode.c.h; name = MapTrackingAnnotation.h; path = BackEnd/Model/MapTrackingAnnotation.h; sourceTree = "<group>"; };
		D2A55710184DBF4C0039A5A0 /* MapTrackingAnnotation.m */ = {isa = PBXFileReference; fileEncoding = 4; lastKnownFileType = sourcecode.c.objc; name = MapTrackingAnnotation.m; path = BackEnd/Model/MapTrackingAnnotation.m; sourceTree = "<group>"; };
		D2A67A81185ACA8A00889114 /* QuartzCore.framework */ = {isa = PBXFileReference; lastKnownFileType = wrapper.framework; name = QuartzCore.framework; path = System/Library/Frameworks/QuartzCore.framework; sourceTree = SDKROOT; };
		D2A67A86185B0EC000889114 /* AvatarView.h */ = {isa = PBXFileReference; fileEncoding = 4; lastKnownFileType = sourcecode.c.h; name = AvatarView.h; path = FrontEnd/Views/AvatarView.h; sourceTree = "<group>"; };
		D2A67A87185B0EC000889114 /* AvatarView.m */ = {isa = PBXFileReference; fileEncoding = 4; lastKnownFileType = sourcecode.c.objc; name = AvatarView.m; path = FrontEnd/Views/AvatarView.m; sourceTree = "<group>"; };
		D2A67A8C185B467400889114 /* AccountViewController.h */ = {isa = PBXFileReference; fileEncoding = 4; lastKnownFileType = sourcecode.c.h; name = AccountViewController.h; path = FrontEnd/AccountViewController.h; sourceTree = "<group>"; };
		D2A67A8D185B467400889114 /* AccountViewController.m */ = {isa = PBXFileReference; fileEncoding = 4; lastKnownFileType = sourcecode.c.objc; name = AccountViewController.m; path = FrontEnd/AccountViewController.m; sourceTree = "<group>"; };
		D2A67A90185C21C500889114 /* AccountHeaderView.xib */ = {isa = PBXFileReference; fileEncoding = 4; lastKnownFileType = file.xib; name = AccountHeaderView.xib; path = FrontEnd/XIBs/AccountHeaderView.xib; sourceTree = "<group>"; };
		D2A67A92185C26E100889114 /* AccountHeaderView.h */ = {isa = PBXFileReference; fileEncoding = 4; lastKnownFileType = sourcecode.c.h; name = AccountHeaderView.h; path = FrontEnd/Views/AccountHeaderView.h; sourceTree = "<group>"; };
		D2A67A93185C26E100889114 /* AccountHeaderView.m */ = {isa = PBXFileReference; fileEncoding = 4; lastKnownFileType = sourcecode.c.objc; name = AccountHeaderView.m; path = FrontEnd/Views/AccountHeaderView.m; sourceTree = "<group>"; };
		D2A67A95185C487A00889114 /* AccountInfoTableViewCell.h */ = {isa = PBXFileReference; fileEncoding = 4; lastKnownFileType = sourcecode.c.h; name = AccountInfoTableViewCell.h; path = FrontEnd/Views/AccountInfoTableViewCell.h; sourceTree = "<group>"; };
		D2A67A96185C487A00889114 /* AccountInfoTableViewCell.m */ = {isa = PBXFileReference; fileEncoding = 4; lastKnownFileType = sourcecode.c.objc; name = AccountInfoTableViewCell.m; path = FrontEnd/Views/AccountInfoTableViewCell.m; sourceTree = "<group>"; };
		D2A67A98185C48B100889114 /* TransactionHistoryTableViewCell.h */ = {isa = PBXFileReference; fileEncoding = 4; lastKnownFileType = sourcecode.c.h; name = TransactionHistoryTableViewCell.h; path = FrontEnd/Views/TransactionHistoryTableViewCell.h; sourceTree = "<group>"; };
		D2A67A99185C48B100889114 /* TransactionHistoryTableViewCell.m */ = {isa = PBXFileReference; fileEncoding = 4; lastKnownFileType = sourcecode.c.objc; name = TransactionHistoryTableViewCell.m; path = FrontEnd/Views/TransactionHistoryTableViewCell.m; sourceTree = "<group>"; };
		D2C075B61851D33F00620114 /* MBranch.json */ = {isa = PBXFileReference; fileEncoding = 4; lastKnownFileType = text.json; name = MBranch.json; path = Resource/MBranch.json; sourceTree = "<group>"; };
		D2C075BC1852CACB00620114 /* ItemPickerTableViewCell.h */ = {isa = PBXFileReference; fileEncoding = 4; lastKnownFileType = sourcecode.c.h; name = ItemPickerTableViewCell.h; path = FrontEnd/Views/ItemPickerTableViewCell.h; sourceTree = "<group>"; };
		D2C075BD1852CACB00620114 /* ItemPickerTableViewCell.m */ = {isa = PBXFileReference; fileEncoding = 4; lastKnownFileType = sourcecode.c.objc; name = ItemPickerTableViewCell.m; path = FrontEnd/Views/ItemPickerTableViewCell.m; sourceTree = "<group>"; };
		D2C075BF1852E29500620114 /* ItemPickerViewController.h */ = {isa = PBXFileReference; fileEncoding = 4; lastKnownFileType = sourcecode.c.h; name = ItemPickerViewController.h; path = FrontEnd/ItemPickerViewController.h; sourceTree = "<group>"; };
		D2C075C01852E29500620114 /* ItemPickerViewController.m */ = {isa = PBXFileReference; fileEncoding = 4; lastKnownFileType = sourcecode.c.objc; name = ItemPickerViewController.m; path = FrontEnd/ItemPickerViewController.m; sourceTree = "<group>"; };
		D2C075C218533B6A00620114 /* ItemPickerScrollView.h */ = {isa = PBXFileReference; fileEncoding = 4; lastKnownFileType = sourcecode.c.h; name = ItemPickerScrollView.h; path = FrontEnd/Views/ItemPickerScrollView.h; sourceTree = "<group>"; };
		D2C075C318533B6A00620114 /* ItemPickerScrollView.m */ = {isa = PBXFileReference; fileEncoding = 4; lastKnownFileType = sourcecode.c.objc; name = ItemPickerScrollView.m; path = FrontEnd/Views/ItemPickerScrollView.m; sourceTree = "<group>"; };
		D2C075C91855C47200620114 /* TutorialLoginViewController.h */ = {isa = PBXFileReference; fileEncoding = 4; lastKnownFileType = sourcecode.c.h; name = TutorialLoginViewController.h; path = FrontEnd/TutorialLoginViewController.h; sourceTree = "<group>"; };
		D2C075CA1855C47200620114 /* TutorialLoginViewController.m */ = {isa = PBXFileReference; fileEncoding = 4; lastKnownFileType = sourcecode.c.objc; name = TutorialLoginViewController.m; path = FrontEnd/TutorialLoginViewController.m; sourceTree = "<group>"; };
		D2C075CE1857245E00620114 /* UIView+Helper.h */ = {isa = PBXFileReference; fileEncoding = 4; lastKnownFileType = sourcecode.c.h; name = "UIView+Helper.h"; path = "Utilities/UIView+Helper.h"; sourceTree = "<group>"; };
		D2C075CF1857245E00620114 /* UIView+Helper.m */ = {isa = PBXFileReference; fileEncoding = 4; lastKnownFileType = sourcecode.c.objc; name = "UIView+Helper.m"; path = "Utilities/UIView+Helper.m"; sourceTree = "<group>"; };
		D2C075D11858092800620114 /* MUserInfo.h */ = {isa = PBXFileReference; fileEncoding = 4; lastKnownFileType = sourcecode.c.h; name = MUserInfo.h; path = BackEnd/Model/MUserInfo.h; sourceTree = "<group>"; };
		D2C075D21858092800620114 /* MUserInfo.m */ = {isa = PBXFileReference; fileEncoding = 4; lastKnownFileType = sourcecode.c.objc; name = MUserInfo.m; path = BackEnd/Model/MUserInfo.m; sourceTree = "<group>"; };
		D2C9168A185EEC7500452891 /* MItemInfo.h */ = {isa = PBXFileReference; fileEncoding = 4; lastKnownFileType = sourcecode.c.h; name = MItemInfo.h; path = BackEnd/Model/MItemInfo.h; sourceTree = "<group>"; };
		D2C9168B185EEC7500452891 /* MItemInfo.m */ = {isa = PBXFileReference; fileEncoding = 4; lastKnownFileType = sourcecode.c.objc; name = MItemInfo.m; path = BackEnd/Model/MItemInfo.m; sourceTree = "<group>"; };
		D2C9168D185EEC9000452891 /* MItemSelectedOption.h */ = {isa = PBXFileReference; fileEncoding = 4; lastKnownFileType = sourcecode.c.h; name = MItemSelectedOption.h; path = BackEnd/Model/MItemSelectedOption.h; sourceTree = "<group>"; };
		D2C9168E185EEC9000452891 /* MItemSelectedOption.m */ = {isa = PBXFileReference; fileEncoding = 4; lastKnownFileType = sourcecode.c.objc; name = MItemSelectedOption.m; path = BackEnd/Model/MItemSelectedOption.m; sourceTree = "<group>"; };
		D2C91693185EECB900452891 /* MProductInfo.h */ = {isa = PBXFileReference; fileEncoding = 4; lastKnownFileType = sourcecode.c.h; name = MProductInfo.h; path = BackEnd/Model/MProductInfo.h; sourceTree = "<group>"; };
		D2C91694185EECBA00452891 /* MProductInfo.m */ = {isa = PBXFileReference; fileEncoding = 4; lastKnownFileType = sourcecode.c.objc; name = MProductInfo.m; path = BackEnd/Model/MProductInfo.m; sourceTree = "<group>"; };
		D2C916A3185F015800452891 /* TSModelIncludes.h */ = {isa = PBXFileReference; lastKnownFileType = sourcecode.c.h; name = TSModelIncludes.h; path = BackEnd/Model/TSModelIncludes.h; sourceTree = "<group>"; };
		DF26BEB318653FC400598CA0 /* TSGamePlayHistory.h */ = {isa = PBXFileReference; fileEncoding = 4; lastKnownFileType = sourcecode.c.h; path = TSGamePlayHistory.h; sourceTree = "<group>"; };
		DF26BEB418653FC400598CA0 /* TSGamePlayHistory.m */ = {isa = PBXFileReference; fileEncoding = 4; lastKnownFileType = sourcecode.c.objc; path = TSGamePlayHistory.m; sourceTree = "<group>"; };
		DF3075C7186D6224002D40AF /* imageNotFound.jpg */ = {isa = PBXFileReference; lastKnownFileType = image.jpeg; name = imageNotFound.jpg; path = Resource/imageNotFound.jpg; sourceTree = "<group>"; };
		DF60E74B185B47BA00DB10DE /* PhotoHuntGridButton.h */ = {isa = PBXFileReference; fileEncoding = 4; lastKnownFileType = sourcecode.c.h; path = PhotoHuntGridButton.h; sourceTree = "<group>"; };
		DF60E74C185B47BA00DB10DE /* PhotoHuntGridButton.m */ = {isa = PBXFileReference; fileEncoding = 4; lastKnownFileType = sourcecode.c.objc; path = PhotoHuntGridButton.m; sourceTree = "<group>"; };
		DF60E74E185C0D8000DB10DE /* PhotoHuntManager.h */ = {isa = PBXFileReference; fileEncoding = 4; lastKnownFileType = sourcecode.c.h; path = PhotoHuntManager.h; sourceTree = "<group>"; };
		DF60E74F185C0D8000DB10DE /* PhotoHuntManager.m */ = {isa = PBXFileReference; fileEncoding = 4; lastKnownFileType = sourcecode.c.objc; path = PhotoHuntManager.m; sourceTree = "<group>"; };
		DF60E754185C455200DB10DE /* PhotoHuntImageView.h */ = {isa = PBXFileReference; fileEncoding = 4; lastKnownFileType = sourcecode.c.h; path = PhotoHuntImageView.h; sourceTree = "<group>"; };
		DF60E755185C455200DB10DE /* PhotoHuntImageView.m */ = {isa = PBXFileReference; fileEncoding = 4; lastKnownFileType = sourcecode.c.objc; path = PhotoHuntImageView.m; sourceTree = "<group>"; };
		DF60E757185C642F00DB10DE /* NSMutableArray+Shuffle.h */ = {isa = PBXFileReference; fileEncoding = 4; lastKnownFileType = sourcecode.c.h; path = "NSMutableArray+Shuffle.h"; sourceTree = "<group>"; };
		DF60E758185C642F00DB10DE /* NSMutableArray+Shuffle.m */ = {isa = PBXFileReference; fileEncoding = 4; lastKnownFileType = sourcecode.c.objc; path = "NSMutableArray+Shuffle.m"; sourceTree = "<group>"; };
		DF852707185EDDBC0087E247 /* TSGame.h */ = {isa = PBXFileReference; fileEncoding = 4; lastKnownFileType = sourcecode.c.h; path = TSGame.h; sourceTree = "<group>"; };
		DF852708185EDDBC0087E247 /* TSGame.m */ = {isa = PBXFileReference; fileEncoding = 4; lastKnownFileType = sourcecode.c.objc; path = TSGame.m; sourceTree = "<group>"; };
		DF85270A185EDE450087E247 /* TSGameDownloadManager.h */ = {isa = PBXFileReference; fileEncoding = 4; lastKnownFileType = sourcecode.c.h; path = TSGameDownloadManager.h; sourceTree = "<group>"; };
		DF85270B185EDE450087E247 /* TSGameDownloadManager.m */ = {isa = PBXFileReference; fileEncoding = 4; lastKnownFileType = sourcecode.c.objc; path = TSGameDownloadManager.m; sourceTree = "<group>"; };
		DF9DB53D1861CA6200FD315E /* TSLocalizedString.h */ = {isa = PBXFileReference; fileEncoding = 4; lastKnownFileType = sourcecode.c.h; name = TSLocalizedString.h; path = Utilities/TSLocalizedString.h; sourceTree = "<group>"; };
		DF9DB53E1861D3DA00FD315E /* TSZipArchive.h */ = {isa = PBXFileReference; fileEncoding = 4; lastKnownFileType = sourcecode.c.h; name = TSZipArchive.h; path = Utilities/TSZipArchive.h; sourceTree = "<group>"; };
		DF9DB53F1861D3DA00FD315E /* TSZipArchive.m */ = {isa = PBXFileReference; fileEncoding = 4; lastKnownFileType = sourcecode.c.objc; name = TSZipArchive.m; path = Utilities/TSZipArchive.m; sourceTree = "<group>"; };
		DFBDA14A1856111500BF3755 /* PhotoHuntViewController.h */ = {isa = PBXFileReference; fileEncoding = 4; lastKnownFileType = sourcecode.c.h; path = PhotoHuntViewController.h; sourceTree = "<group>"; };
		DFBDA14B1856111500BF3755 /* PhotoHuntViewController.m */ = {isa = PBXFileReference; fileEncoding = 4; lastKnownFileType = sourcecode.c.objc; path = PhotoHuntViewController.m; sourceTree = "<group>"; };
		DFE628A418558AD600E1C8FE /* DailyGameStoryboard.storyboard */ = {isa = PBXFileReference; fileEncoding = 4; lastKnownFileType = file.storyboard; path = DailyGameStoryboard.storyboard; sourceTree = "<group>"; };
		DFE628A61855992800E1C8FE /* ChooseGameViewController.h */ = {isa = PBXFileReference; fileEncoding = 4; lastKnownFileType = sourcecode.c.h; path = ChooseGameViewController.h; sourceTree = "<group>"; };
		DFE628A71855992800E1C8FE /* ChooseGameViewController.m */ = {isa = PBXFileReference; fileEncoding = 4; lastKnownFileType = sourcecode.c.objc; path = ChooseGameViewController.m; sourceTree = "<group>"; };
		DFE628AB1855AF2C00E1C8FE /* TSGameServiceCalls.h */ = {isa = PBXFileReference; fileEncoding = 4; lastKnownFileType = sourcecode.c.h; path = TSGameServiceCalls.h; sourceTree = "<group>"; };
		DFE628AC1855AF2C00E1C8FE /* TSGameServiceCalls.m */ = {isa = PBXFileReference; fileEncoding = 4; lastKnownFileType = sourcecode.c.objc; path = TSGameServiceCalls.m; sourceTree = "<group>"; };
		DFE628AF1855FB7D00E1C8FE /* AreYouReadyViewController.h */ = {isa = PBXFileReference; fileEncoding = 4; lastKnownFileType = sourcecode.c.h; path = AreYouReadyViewController.h; sourceTree = "<group>"; };
		DFE628B01855FB7D00E1C8FE /* AreYouReadyViewController.m */ = {isa = PBXFileReference; fileEncoding = 4; lastKnownFileType = sourcecode.c.objc; path = AreYouReadyViewController.m; sourceTree = "<group>"; };
		DFE628B21855FE0C00E1C8FE /* CountDownButton.h */ = {isa = PBXFileReference; fileEncoding = 4; lastKnownFileType = sourcecode.c.h; path = CountDownButton.h; sourceTree = "<group>"; };
		DFE628B31855FE0C00E1C8FE /* CountDownButton.m */ = {isa = PBXFileReference; fileEncoding = 4; lastKnownFileType = sourcecode.c.objc; path = CountDownButton.m; sourceTree = "<group>"; };
/* End PBXFileReference section */

/* Begin PBXFrameworksBuildPhase section */
		D246681C185F15F70089D5DB /* Frameworks */ = {
			isa = PBXFrameworksBuildPhase;
			buildActionMask = 2147483647;
			files = (
				D246681D185F15F70089D5DB /* QuartzCore.framework in Frameworks */,
				D246681E185F15F70089D5DB /* MapKit.framework in Frameworks */,
				D246681F185F15F70089D5DB /* CoreLocation.framework in Frameworks */,
				D2466820185F15F70089D5DB /* CoreGraphics.framework in Frameworks */,
				D2466821185F15F70089D5DB /* CoreData.framework in Frameworks */,
				D2466822185F15F70089D5DB /* UIKit.framework in Frameworks */,
				D2466823185F15F70089D5DB /* Foundation.framework in Frameworks */,
				D2466824185F15F70089D5DB /* libPods.a in Frameworks */,
			);
			runOnlyForDeploymentPostprocessing = 0;
		};
		D293E4AB183DEDEB00B73795 /* Frameworks */ = {
			isa = PBXFrameworksBuildPhase;
			buildActionMask = 2147483647;
			files = (
				D2827DF31875046B00E4A662 /* AddressBook.framework in Frameworks */,
				D2827DB81867F92100E4A662 /* Security.framework in Frameworks */,
				D2A67A82185ACA8A00889114 /* QuartzCore.framework in Frameworks */,
				D2437577184C3498000009D7 /* MapKit.framework in Frameworks */,
				D293E4F818435DC100B73795 /* CoreLocation.framework in Frameworks */,
				D293E4B4183DEDEB00B73795 /* CoreGraphics.framework in Frameworks */,
				D293E4B8183DEDEB00B73795 /* CoreData.framework in Frameworks */,
				D293E4B6183DEDEB00B73795 /* UIKit.framework in Frameworks */,
				D293E4B2183DEDEB00B73795 /* Foundation.framework in Frameworks */,
				C745B082CE144F8095231522 /* libPods.a in Frameworks */,
			);
			runOnlyForDeploymentPostprocessing = 0;
		};
		D293E4D4183DEDEB00B73795 /* Frameworks */ = {
			isa = PBXFrameworksBuildPhase;
			buildActionMask = 2147483647;
			files = (
				D293E4D9183DEDEB00B73795 /* XCTest.framework in Frameworks */,
				D293E4DC183DEDEB00B73795 /* CoreData.framework in Frameworks */,
				D293E4DB183DEDEB00B73795 /* UIKit.framework in Frameworks */,
				D293E4DA183DEDEB00B73795 /* Foundation.framework in Frameworks */,
			);
			runOnlyForDeploymentPostprocessing = 0;
		};
/* End PBXFrameworksBuildPhase section */

/* Begin PBXGroup section */
		D23976FF184745860002D655 /* Utilities */ = {
			isa = PBXGroup;
			children = (
				DF9DB53D1861CA6200FD315E /* TSLocalizedString.h */,
				D2219651185AACD8007528EE /* NSManagedObject+Helper.h */,
				D2219652185AACD8007528EE /* NSManagedObject+Helper.m */,
				D239770118474F230002D655 /* TSLogFormatter.h */,
				D239770218474F230002D655 /* TSLogFormatter.m */,
				D243757318488358000009D7 /* TSSettings.h */,
				D243757418488358000009D7 /* TSSettings.m */,
				D2A36A84185046B2004D3D99 /* TSTheming.h */,
				D2A36A85185046B2004D3D99 /* TSTheming.m */,
				D2A36A8718504743004D3D99 /* Defines.h */,
				DF60E757185C642F00DB10DE /* NSMutableArray+Shuffle.h */,
				DF60E758185C642F00DB10DE /* NSMutableArray+Shuffle.m */,
				D2C075CE1857245E00620114 /* UIView+Helper.h */,
				D2C075CF1857245E00620114 /* UIView+Helper.m */,
				D2219654185AAD5C007528EE /* TSFrontEndIncludes.h */,
				D2466847186062DC0089D5DB /* NSString+Helper.h */,
				D2466848186062DC0089D5DB /* NSString+Helper.m */,
				DF9DB53E1861D3DA00FD315E /* TSZipArchive.h */,
				DF9DB53F1861D3DA00FD315E /* TSZipArchive.m */,
				D2827DF8187540BD00E4A662 /* NSArray+Helper.h */,
				D2827DF9187540BD00E4A662 /* NSArray+Helper.m */,
			);
			name = Utilities;
			sourceTree = "<group>";
		};
		D293E4A5183DEDEB00B73795 = {
			isa = PBXGroup;
			children = (
				D293E4B9183DEDEB00B73795 /* ToSavour */,
				D293E4DF183DEDEB00B73795 /* ToSavourTests */,
				D293E4B0183DEDEB00B73795 /* Frameworks */,
				D293E4AF183DEDEB00B73795 /* Products */,
				257842E4F2DE434C98166E63 /* Pods.xcconfig */,
				D2466833185F15F90089D5DB /* ToSavour copy-Info.plist */,
			);
			sourceTree = "<group>";
		};
		D293E4AF183DEDEB00B73795 /* Products */ = {
			isa = PBXGroup;
			children = (
				D293E4AE183DEDEB00B73795 /* ToSavour.app */,
				D293E4D7183DEDEB00B73795 /* ToSavourTests.xctest */,
				D2466832185F15F70089D5DB /* ToSavour copy.app */,
			);
			name = Products;
			sourceTree = "<group>";
		};
		D293E4B0183DEDEB00B73795 /* Frameworks */ = {
			isa = PBXGroup;
			children = (
				D2827DF21875046B00E4A662 /* AddressBook.framework */,
				D2827DB71867F92100E4A662 /* Security.framework */,
				D2A67A81185ACA8A00889114 /* QuartzCore.framework */,
				D2437576184C3497000009D7 /* MapKit.framework */,
				D293E4F718435DC100B73795 /* CoreLocation.framework */,
				D293E4B1183DEDEB00B73795 /* Foundation.framework */,
				D293E4B3183DEDEB00B73795 /* CoreGraphics.framework */,
				D293E4B5183DEDEB00B73795 /* UIKit.framework */,
				D293E4B7183DEDEB00B73795 /* CoreData.framework */,
				D293E4D8183DEDEB00B73795 /* XCTest.framework */,
				C23BC4E3A4EF498CB2E1D08C /* libPods.a */,
			);
			name = Frameworks;
			sourceTree = "<group>";
		};
		D293E4B9183DEDEB00B73795 /* ToSavour */ = {
			isa = PBXGroup;
			children = (
				D2C075B51851D23800620114 /* Resource */,
				D23976FF184745860002D655 /* Utilities */,
				D293E4F3184356D300B73795 /* BackEnd */,
				D293E4EF183DF20D00B73795 /* FrontEnd */,
				D293E4C2183DEDEB00B73795 /* AppDelegate.h */,
				D293E4C3183DEDEB00B73795 /* AppDelegate.m */,
				D293E4C5183DEDEB00B73795 /* Main.storyboard */,
				DFE628A418558AD600E1C8FE /* DailyGameStoryboard.storyboard */,
				D293E4D1183DEDEB00B73795 /* Images.xcassets */,
				D293E4C8183DEDEB00B73795 /* ToSavour.xcdatamodeld */,
				D293E4BA183DEDEB00B73795 /* Supporting Files */,
			);
			path = ToSavour;
			sourceTree = "<group>";
		};
		D293E4BA183DEDEB00B73795 /* Supporting Files */ = {
			isa = PBXGroup;
			children = (
				D293E4BB183DEDEB00B73795 /* ToSavour-Info.plist */,
				D293E4BC183DEDEB00B73795 /* InfoPlist.strings */,
				D293E4BF183DEDEB00B73795 /* main.m */,
				D293E4C1183DEDEB00B73795 /* ToSavour-Prefix.pch */,
			);
			name = "Supporting Files";
			sourceTree = "<group>";
		};
		D293E4DF183DEDEB00B73795 /* ToSavourTests */ = {
			isa = PBXGroup;
			children = (
				D293E4E5183DEDEB00B73795 /* ToSavourTests.m */,
				D293E4E0183DEDEB00B73795 /* Supporting Files */,
			);
			path = ToSavourTests;
			sourceTree = "<group>";
		};
		D293E4E0183DEDEB00B73795 /* Supporting Files */ = {
			isa = PBXGroup;
			children = (
				D293E4E1183DEDEB00B73795 /* ToSavourTests-Info.plist */,
				D293E4E2183DEDEB00B73795 /* InfoPlist.strings */,
			);
			name = "Supporting Files";
			sourceTree = "<group>";
		};
		D293E4EF183DF20D00B73795 /* FrontEnd */ = {
			isa = PBXGroup;
			children = (
				DFE628AE1855FB5A00E1C8FE /* DailyAwardGame */,
				D2A67A8F185C218300889114 /* XIBs */,
				D2C075B81852CA4700620114 /* Views */,
				D2A36A8818504A12004D3D99 /* CustomUI */,
				D293E4F0183DF24000B73795 /* SlideMenuViewController.h */,
				D293E4F1183DF24000B73795 /* SlideMenuViewController.m */,
				D2A556F9184C37F60039A5A0 /* MapTrackingViewController.h */,
				D2A556FA184C37F60039A5A0 /* MapTrackingViewController.m */,
				D2A36A8F1850684A004D3D99 /* MainTabBarController.h */,
				D2A36A901850684A004D3D99 /* MainTabBarController.m */,
				D2A36A921850AA6C004D3D99 /* HomeViewController.h */,
				D2A36A931850AA6C004D3D99 /* HomeViewController.m */,
				D2C075BF1852E29500620114 /* ItemPickerViewController.h */,
				D2C075C01852E29500620114 /* ItemPickerViewController.m */,
				D2C075C91855C47200620114 /* TutorialLoginViewController.h */,
				D2C075CA1855C47200620114 /* TutorialLoginViewController.m */,
				D221964B1859BCC6007528EE /* FriendsListViewController.h */,
				D221964C1859BCC6007528EE /* FriendsListViewController.m */,
				D2A67A8C185B467400889114 /* AccountViewController.h */,
				D2A67A8D185B467400889114 /* AccountViewController.m */,
				D246684118603C800089D5DB /* CartViewController.h */,
				D246684218603C800089D5DB /* CartViewController.m */,
			);
			name = FrontEnd;
			sourceTree = "<group>";
		};
		D293E4F3184356D300B73795 /* BackEnd */ = {
			isa = PBXGroup;
			children = (
				DF852706185EDDAA0087E247 /* DailyAwardGame */,
				D2A55702184DB5ED0039A5A0 /* Model */,
				D293E4F4184357B400B73795 /* TimeTracker.h */,
				D293E4F5184357B400B73795 /* TimeTracker.m */,
				DFE628AB1855AF2C00E1C8FE /* TSGameServiceCalls.h */,
				DFE628AC1855AF2C00E1C8FE /* TSGameServiceCalls.m */,
				D221964718598E0B007528EE /* RKMappableEntity.h */,
				D214BE051862DAF000812BA5 /* RestManager.h */,
				D214BE061862DAF000812BA5 /* RestManager.m */,
				D2827DB91867F9DC00E4A662 /* SecurityManager.h */,
				D2827DBA1867F9DC00E4A662 /* SecurityManager.m */,
				D2827DF41875051F00E4A662 /* DataFetchManager.h */,
				D2827DF51875051F00E4A662 /* DataFetchManager.m */,
			);
			name = BackEnd;
			sourceTree = "<group>";
		};
		D2A36A8818504A12004D3D99 /* CustomUI */ = {
			isa = PBXGroup;
			children = (
				D2A36A8C18504ADE004D3D99 /* TSNavigationController.h */,
				D2A36A8D18504ADE004D3D99 /* TSNavigationController.m */,
			);
			name = CustomUI;
			sourceTree = "<group>";
		};
		D2A55702184DB5ED0039A5A0 /* Model */ = {
			isa = PBXGroup;
			children = (
				D2827DFC18755B1400E4A662 /* MUserAddressBookInfo.h */,
				D2827DFD18755B1400E4A662 /* MUserAddressBookInfo.m */,
				D2827DE7187288C700E4A662 /* MUserFacebookInfo.h */,
				D2827DE8187288C700E4A662 /* MUserFacebookInfo.m */,
				D2827DD118694E4C00E4A662 /* MOrderInfo.h */,
				D2827DD218694E4C00E4A662 /* MOrderInfo.m */,
				D2827DB41867E64000E4A662 /* MProductOptionChoice.h */,
				D2827DB51867E64000E4A662 /* MProductOptionChoice.m */,
				D2827DB11867DB8800E4A662 /* MProductConfigurableOption.h */,
				D2827DB21867DB8800E4A662 /* MProductConfigurableOption.m */,
				D2827DAB1865540100E4A662 /* MGlobalConfiguration.h */,
				D2827DAC1865540100E4A662 /* MGlobalConfiguration.m */,
				D2C9168A185EEC7500452891 /* MItemInfo.h */,
				D2C9168B185EEC7500452891 /* MItemInfo.m */,
				D2C91693185EECB900452891 /* MProductInfo.h */,
				D2C91694185EECBA00452891 /* MProductInfo.m */,
				D2C9168D185EEC9000452891 /* MItemSelectedOption.h */,
				D2C9168E185EEC9000452891 /* MItemSelectedOption.m */,
				D2C075D11858092800620114 /* MUserInfo.h */,
				D2C075D21858092800620114 /* MUserInfo.m */,
				D2A5570F184DBF4C0039A5A0 /* MapTrackingAnnotation.h */,
				D2A55710184DBF4C0039A5A0 /* MapTrackingAnnotation.m */,
				D2C916A3185F015800452891 /* TSModelIncludes.h */,
			);
			name = Model;
			sourceTree = "<group>";
		};
		D2A67A8F185C218300889114 /* XIBs */ = {
			isa = PBXGroup;
			children = (
				D2A67A90185C21C500889114 /* AccountHeaderView.xib */,
				D246683C186032BC0089D5DB /* CartHeaderView.xib */,
			);
			name = XIBs;
			sourceTree = "<group>";
		};
		D2C075B51851D23800620114 /* Resource */ = {
			isa = PBXGroup;
			children = (
				DF3075C7186D6224002D40AF /* imageNotFound.jpg */,
				D293EB27185F04ED00A69034 /* MProductConfigurableOption.json */,
				D293EB28185F04ED00A69034 /* MProductInfo.json */,
				D293EB29185F04ED00A69034 /* MProductOptionChoice.json */,
				D2C075B61851D33F00620114 /* MBranch.json */,
			);
			name = Resource;
			sourceTree = "<group>";
		};
		D2C075B81852CA4700620114 /* Views */ = {
			isa = PBXGroup;
			children = (
				D2C075BC1852CACB00620114 /* ItemPickerTableViewCell.h */,
				D2C075BD1852CACB00620114 /* ItemPickerTableViewCell.m */,
				D2C075C218533B6A00620114 /* ItemPickerScrollView.h */,
				D2C075C318533B6A00620114 /* ItemPickerScrollView.m */,
				D221964E1859C24C007528EE /* FriendsListTableViewCell.h */,
				D221964F1859C24C007528EE /* FriendsListTableViewCell.m */,
				D2A67A86185B0EC000889114 /* AvatarView.h */,
				D2A67A87185B0EC000889114 /* AvatarView.m */,
				D2A67A92185C26E100889114 /* AccountHeaderView.h */,
				D2A67A93185C26E100889114 /* AccountHeaderView.m */,
				D2A67A95185C487A00889114 /* AccountInfoTableViewCell.h */,
				D2A67A96185C487A00889114 /* AccountInfoTableViewCell.m */,
				D2A67A98185C48B100889114 /* TransactionHistoryTableViewCell.h */,
				D2A67A99185C48B100889114 /* TransactionHistoryTableViewCell.m */,
				D246683E186036BB0089D5DB /* CartHeaderView.h */,
				D246683F186036BB0089D5DB /* CartHeaderView.m */,
				D2466844186052450089D5DB /* CartItemTableViewCell.h */,
				D2466845186052450089D5DB /* CartItemTableViewCell.m */,
				D2827DD9186D882D00E4A662 /* ItemGridView.h */,
				D2827DDA186D882D00E4A662 /* ItemGridView.m */,
			);
			name = Views;
			sourceTree = "<group>";
		};
		DF852706185EDDAA0087E247 /* DailyAwardGame */ = {
			isa = PBXGroup;
			children = (
				DF852707185EDDBC0087E247 /* TSGame.h */,
				DF852708185EDDBC0087E247 /* TSGame.m */,
				DF85270A185EDE450087E247 /* TSGameDownloadManager.h */,
				DF85270B185EDE450087E247 /* TSGameDownloadManager.m */,
				DF26BEB318653FC400598CA0 /* TSGamePlayHistory.h */,
				DF26BEB418653FC400598CA0 /* TSGamePlayHistory.m */,
			);
			name = DailyAwardGame;
			sourceTree = "<group>";
		};
		DFE628AE1855FB5A00E1C8FE /* DailyAwardGame */ = {
			isa = PBXGroup;
			children = (
				DFE628A61855992800E1C8FE /* ChooseGameViewController.h */,
				DFE628A71855992800E1C8FE /* ChooseGameViewController.m */,
				DFE628AF1855FB7D00E1C8FE /* AreYouReadyViewController.h */,
				DFE628B01855FB7D00E1C8FE /* AreYouReadyViewController.m */,
				DFE628B21855FE0C00E1C8FE /* CountDownButton.h */,
				DFE628B31855FE0C00E1C8FE /* CountDownButton.m */,
				DFBDA14A1856111500BF3755 /* PhotoHuntViewController.h */,
				DFBDA14B1856111500BF3755 /* PhotoHuntViewController.m */,
				DF60E74B185B47BA00DB10DE /* PhotoHuntGridButton.h */,
				DF60E74C185B47BA00DB10DE /* PhotoHuntGridButton.m */,
				DF60E74E185C0D8000DB10DE /* PhotoHuntManager.h */,
				DF60E74F185C0D8000DB10DE /* PhotoHuntManager.m */,
				DF60E754185C455200DB10DE /* PhotoHuntImageView.h */,
				DF60E755185C455200DB10DE /* PhotoHuntImageView.m */,
			);
			name = DailyAwardGame;
			sourceTree = "<group>";
		};
/* End PBXGroup section */

/* Begin PBXNativeTarget section */
		D24667F8185F15F70089D5DB /* ToSavour Generate Seed DB */ = {
			isa = PBXNativeTarget;
			buildConfigurationList = D246682F185F15F70089D5DB /* Build configuration list for PBXNativeTarget "ToSavour Generate Seed DB" */;
			buildPhases = (
				D24667F9185F15F70089D5DB /* Check Pods Manifest.lock */,
				D24667FA185F15F70089D5DB /* Sources */,
				D246681C185F15F70089D5DB /* Frameworks */,
				D2466825185F15F70089D5DB /* Resources */,
				D246682E185F15F70089D5DB /* Copy Pods Resources */,
			);
			buildRules = (
			);
			dependencies = (
			);
			name = "ToSavour Generate Seed DB";
			productName = ToSavour;
			productReference = D2466832185F15F70089D5DB /* ToSavour copy.app */;
			productType = "com.apple.product-type.application";
		};
		D293E4AD183DEDEB00B73795 /* ToSavour */ = {
			isa = PBXNativeTarget;
			buildConfigurationList = D293E4E9183DEDEB00B73795 /* Build configuration list for PBXNativeTarget "ToSavour" */;
			buildPhases = (
				0ECFE2BD39CE4B0E8C10B750 /* Check Pods Manifest.lock */,
				D293E4AA183DEDEB00B73795 /* Sources */,
				D293E4AB183DEDEB00B73795 /* Frameworks */,
				D293E4AC183DEDEB00B73795 /* Resources */,
				B8CA3D1D877345679604D11D /* Copy Pods Resources */,
			);
			buildRules = (
			);
			dependencies = (
			);
			name = ToSavour;
			productName = ToSavour;
			productReference = D293E4AE183DEDEB00B73795 /* ToSavour.app */;
			productType = "com.apple.product-type.application";
		};
		D293E4D6183DEDEB00B73795 /* ToSavourTests */ = {
			isa = PBXNativeTarget;
			buildConfigurationList = D293E4EC183DEDEB00B73795 /* Build configuration list for PBXNativeTarget "ToSavourTests" */;
			buildPhases = (
				D293E4D3183DEDEB00B73795 /* Sources */,
				D293E4D4183DEDEB00B73795 /* Frameworks */,
				D293E4D5183DEDEB00B73795 /* Resources */,
			);
			buildRules = (
			);
			dependencies = (
				D293E4DE183DEDEB00B73795 /* PBXTargetDependency */,
			);
			name = ToSavourTests;
			productName = ToSavourTests;
			productReference = D293E4D7183DEDEB00B73795 /* ToSavourTests.xctest */;
			productType = "com.apple.product-type.bundle.unit-test";
		};
/* End PBXNativeTarget section */

/* Begin PBXProject section */
		D293E4A6183DEDEB00B73795 /* Project object */ = {
			isa = PBXProject;
			attributes = {
				LastUpgradeCheck = 0500;
				ORGANIZATIONNAME = NBition;
				TargetAttributes = {
					D293E4AD183DEDEB00B73795 = {
						DevelopmentTeam = 6R88WWP2F2;
					};
					D293E4D6183DEDEB00B73795 = {
						TestTargetID = D293E4AD183DEDEB00B73795;
					};
				};
			};
			buildConfigurationList = D293E4A9183DEDEB00B73795 /* Build configuration list for PBXProject "ToSavour" */;
			compatibilityVersion = "Xcode 3.2";
			developmentRegion = English;
			hasScannedForEncodings = 0;
			knownRegions = (
				en,
				Base,
			);
			mainGroup = D293E4A5183DEDEB00B73795;
			productRefGroup = D293E4AF183DEDEB00B73795 /* Products */;
			projectDirPath = "";
			projectRoot = "";
			targets = (
				D293E4AD183DEDEB00B73795 /* ToSavour */,
				D293E4D6183DEDEB00B73795 /* ToSavourTests */,
				D24667F8185F15F70089D5DB /* ToSavour Generate Seed DB */,
			);
		};
/* End PBXProject section */

/* Begin PBXResourcesBuildPhase section */
		D2466825185F15F70089D5DB /* Resources */ = {
			isa = PBXResourcesBuildPhase;
			buildActionMask = 2147483647;
			files = (
				D2466826185F15F70089D5DB /* Images.xcassets in Resources */,
				D2466827185F15F70089D5DB /* MProductConfigurableOption.json in Resources */,
				D2466828185F15F70089D5DB /* MProductInfo.json in Resources */,
				D2466829185F15F70089D5DB /* MProductOptionChoice.json in Resources */,
				D246682A185F15F70089D5DB /* InfoPlist.strings in Resources */,
				D246682B185F15F70089D5DB /* Main.storyboard in Resources */,
				D246682C185F15F70089D5DB /* AccountHeaderView.xib in Resources */,
				D246682D185F15F70089D5DB /* MBranch.json in Resources */,
			);
			runOnlyForDeploymentPostprocessing = 0;
		};
		D293E4AC183DEDEB00B73795 /* Resources */ = {
			isa = PBXResourcesBuildPhase;
			buildActionMask = 2147483647;
			files = (
				D293E4D2183DEDEB00B73795 /* Images.xcassets in Resources */,
				D293EB2A185F04ED00A69034 /* MProductConfigurableOption.json in Resources */,
				D293EB2B185F04ED00A69034 /* MProductInfo.json in Resources */,
				D293EB2C185F04ED00A69034 /* MProductOptionChoice.json in Resources */,
				D293E4BE183DEDEB00B73795 /* InfoPlist.strings in Resources */,
				DFE628A518558AD600E1C8FE /* DailyGameStoryboard.storyboard in Resources */,
				D293E4C7183DEDEB00B73795 /* Main.storyboard in Resources */,
				D2A67A91185C21C500889114 /* AccountHeaderView.xib in Resources */,
				D2C075B71851D33F00620114 /* MBranch.json in Resources */,
				D246683D186032BC0089D5DB /* CartHeaderView.xib in Resources */,
				DF3075C8186D6224002D40AF /* imageNotFound.jpg in Resources */,
			);
			runOnlyForDeploymentPostprocessing = 0;
		};
		D293E4D5183DEDEB00B73795 /* Resources */ = {
			isa = PBXResourcesBuildPhase;
			buildActionMask = 2147483647;
			files = (
				D293E4E4183DEDEB00B73795 /* InfoPlist.strings in Resources */,
			);
			runOnlyForDeploymentPostprocessing = 0;
		};
/* End PBXResourcesBuildPhase section */

/* Begin PBXShellScriptBuildPhase section */
		0ECFE2BD39CE4B0E8C10B750 /* Check Pods Manifest.lock */ = {
			isa = PBXShellScriptBuildPhase;
			buildActionMask = 2147483647;
			files = (
			);
			inputPaths = (
			);
			name = "Check Pods Manifest.lock";
			outputPaths = (
			);
			runOnlyForDeploymentPostprocessing = 0;
			shellPath = /bin/sh;
			shellScript = "diff \"${PODS_ROOT}/../Podfile.lock\" \"${PODS_ROOT}/Manifest.lock\" > /dev/null\nif [[ $? != 0 ]] ; then\n    cat << EOM\nerror: The sandbox is not in sync with the Podfile.lock. Run 'pod install' or update your CocoaPods installation.\nEOM\n    exit 1\nfi\n";
			showEnvVarsInLog = 0;
		};
		B8CA3D1D877345679604D11D /* Copy Pods Resources */ = {
			isa = PBXShellScriptBuildPhase;
			buildActionMask = 2147483647;
			files = (
			);
			inputPaths = (
			);
			name = "Copy Pods Resources";
			outputPaths = (
			);
			runOnlyForDeploymentPostprocessing = 0;
			shellPath = /bin/sh;
			shellScript = "\"${SRCROOT}/Pods/Pods-resources.sh\"\n";
			showEnvVarsInLog = 0;
		};
		D24667F9185F15F70089D5DB /* Check Pods Manifest.lock */ = {
			isa = PBXShellScriptBuildPhase;
			buildActionMask = 2147483647;
			files = (
			);
			inputPaths = (
			);
			name = "Check Pods Manifest.lock";
			outputPaths = (
			);
			runOnlyForDeploymentPostprocessing = 0;
			shellPath = /bin/sh;
			shellScript = "diff \"${PODS_ROOT}/../Podfile.lock\" \"${PODS_ROOT}/Manifest.lock\" > /dev/null\nif [[ $? != 0 ]] ; then\n    cat << EOM\nerror: The sandbox is not in sync with the Podfile.lock. Run 'pod install' or update your CocoaPods installation.\nEOM\n    exit 1\nfi\n";
			showEnvVarsInLog = 0;
		};
		D246682E185F15F70089D5DB /* Copy Pods Resources */ = {
			isa = PBXShellScriptBuildPhase;
			buildActionMask = 2147483647;
			files = (
			);
			inputPaths = (
			);
			name = "Copy Pods Resources";
			outputPaths = (
			);
			runOnlyForDeploymentPostprocessing = 0;
			shellPath = /bin/sh;
			shellScript = "\"${SRCROOT}/Pods/Pods-resources.sh\"\n";
			showEnvVarsInLog = 0;
		};
/* End PBXShellScriptBuildPhase section */

/* Begin PBXSourcesBuildPhase section */
		D24667FA185F15F70089D5DB /* Sources */ = {
			isa = PBXSourcesBuildPhase;
			buildActionMask = 2147483647;
			files = (
				D24667FB185F15F70089D5DB /* TutorialLoginViewController.m in Sources */,
				D24667FC185F15F70089D5DB /* MapTrackingViewController.m in Sources */,
				D24667FD185F15F70089D5DB /* TSLogFormatter.m in Sources */,
				D24667FE185F15F70089D5DB /* MProductInfo.m in Sources */,
				D24667FF185F15F70089D5DB /* TimeTracker.m in Sources */,
				D2466800185F15F70089D5DB /* AppDelegate.m in Sources */,
				D2466801185F15F70089D5DB /* TransactionHistoryTableViewCell.m in Sources */,
				D2466802185F15F70089D5DB /* AccountHeaderView.m in Sources */,
				D2466803185F15F70089D5DB /* TSSettings.m in Sources */,
				D2466804185F15F70089D5DB /* AvatarView.m in Sources */,
				D2827DDC186D882D00E4A662 /* ItemGridView.m in Sources */,
				D2466805185F15F70089D5DB /* MUserInfo.m in Sources */,
				D2466807185F15F70089D5DB /* ItemPickerViewController.m in Sources */,
				D2466808185F15F70089D5DB /* MItemInfo.m in Sources */,
				D2466809185F15F70089D5DB /* FriendsListViewController.m in Sources */,
				D246680A185F15F70089D5DB /* ItemPickerScrollView.m in Sources */,
				D246680B185F15F70089D5DB /* HomeViewController.m in Sources */,
				D246680C185F15F70089D5DB /* AccountInfoTableViewCell.m in Sources */,
				D246680D185F15F70089D5DB /* SlideMenuViewController.m in Sources */,
				D246680E185F15F70089D5DB /* ItemPickerTableViewCell.m in Sources */,
				D246680F185F15F70089D5DB /* MapTrackingAnnotation.m in Sources */,
				D2466810185F15F70089D5DB /* main.m in Sources */,
				D2466811185F15F70089D5DB /* MainTabBarController.m in Sources */,
				D2827DF71875051F00E4A662 /* DataFetchManager.m in Sources */,
				D2466812185F15F70089D5DB /* TSTheming.m in Sources */,
				D2466813185F15F70089D5DB /* MItemSelectedOption.m in Sources */,
				D2827DFB187540BD00E4A662 /* NSArray+Helper.m in Sources */,
				D2466814185F15F70089D5DB /* NSManagedObject+Helper.m in Sources */,
				D2466816185F15F70089D5DB /* AccountViewController.m in Sources */,
				D2466817185F15F70089D5DB /* TSNavigationController.m in Sources */,
				D2466818185F15F70089D5DB /* ToSavour.xcdatamodeld in Sources */,
				D2827DD418694E4C00E4A662 /* MOrderInfo.m in Sources */,
				D2466819185F15F70089D5DB /* FriendsListTableViewCell.m in Sources */,
				D246681A185F15F70089D5DB /* UIView+Helper.m in Sources */,
				D2827DFF18755B1400E4A662 /* MUserAddressBookInfo.m in Sources */,
			);
			runOnlyForDeploymentPostprocessing = 0;
		};
		D293E4AA183DEDEB00B73795 /* Sources */ = {
			isa = PBXSourcesBuildPhase;
			buildActionMask = 2147483647;
			files = (
				D2827DE9187288C700E4A662 /* MUserFacebookInfo.m in Sources */,
				D2827DD318694E4C00E4A662 /* MOrderInfo.m in Sources */,
				D2827DDB186D882D00E4A662 /* ItemGridView.m in Sources */,
				DF60E74D185B47BA00DB10DE /* PhotoHuntGridButton.m in Sources */,
				D2C075CB1855C47200620114 /* TutorialLoginViewController.m in Sources */,
				DF26BEB518653FC400598CA0 /* TSGamePlayHistory.m in Sources */,
				D2A556FB184C37F60039A5A0 /* MapTrackingViewController.m in Sources */,
				D2827DBB1867F9DC00E4A662 /* SecurityManager.m in Sources */,
				DF9DB5401861D3DA00FD315E /* TSZipArchive.m in Sources */,
				D239770318474F230002D655 /* TSLogFormatter.m in Sources */,
				D2827DB31867DB8800E4A662 /* MProductConfigurableOption.m in Sources */,
				D2C91695185EECBA00452891 /* MProductInfo.m in Sources */,
				D293E4F6184357B400B73795 /* TimeTracker.m in Sources */,
				D293E4C4183DEDEB00B73795 /* AppDelegate.m in Sources */,
				D2A67A9A185C48B100889114 /* TransactionHistoryTableViewCell.m in Sources */,
				D2A67A94185C26E100889114 /* AccountHeaderView.m in Sources */,
				D243757518488358000009D7 /* TSSettings.m in Sources */,
				D214BE071862DAF000812BA5 /* RestManager.m in Sources */,
				D2A67A88185B0EC000889114 /* AvatarView.m in Sources */,
				D2C075D31858092800620114 /* MUserInfo.m in Sources */,
				D2C075C11852E29500620114 /* ItemPickerViewController.m in Sources */,
				D2C9168C185EEC7500452891 /* MItemInfo.m in Sources */,
				D221964D1859BCC6007528EE /* FriendsListViewController.m in Sources */,
				D2827DFA187540BD00E4A662 /* NSArray+Helper.m in Sources */,
				D2466849186062DC0089D5DB /* NSString+Helper.m in Sources */,
				D2C075C418533B6A00620114 /* ItemPickerScrollView.m in Sources */,
				D2A36A941850AA6C004D3D99 /* HomeViewController.m in Sources */,
				DFE628A81855992800E1C8FE /* ChooseGameViewController.m in Sources */,
				DFBDA14C1856111500BF3755 /* PhotoHuntViewController.m in Sources */,
				D2A67A97185C487A00889114 /* AccountInfoTableViewCell.m in Sources */,
				D2466846186052450089D5DB /* CartItemTableViewCell.m in Sources */,
				D293E4F2183DF24000B73795 /* SlideMenuViewController.m in Sources */,
				DF85270C185EDE450087E247 /* TSGameDownloadManager.m in Sources */,
				DFE628AD1855AF2C00E1C8FE /* TSGameServiceCalls.m in Sources */,
				D2C075BE1852CACB00620114 /* ItemPickerTableViewCell.m in Sources */,
				DFE628B41855FE0D00E1C8FE /* CountDownButton.m in Sources */,
				D2A55711184DBF4C0039A5A0 /* MapTrackingAnnotation.m in Sources */,
				D2827DF61875051F00E4A662 /* DataFetchManager.m in Sources */,
				D293E4C0183DEDEB00B73795 /* main.m in Sources */,
				DFE628B11855FB7D00E1C8FE /* AreYouReadyViewController.m in Sources */,
				D2827DFE18755B1400E4A662 /* MUserAddressBookInfo.m in Sources */,
				DF60E759185C642F00DB10DE /* NSMutableArray+Shuffle.m in Sources */,
				DF60E750185C0D8000DB10DE /* PhotoHuntManager.m in Sources */,
				D2827DAD1865540100E4A662 /* MGlobalConfiguration.m in Sources */,
				D2A36A911850684A004D3D99 /* MainTabBarController.m in Sources */,
				D2A36A86185046B2004D3D99 /* TSTheming.m in Sources */,
				D2C9168F185EEC9000452891 /* MItemSelectedOption.m in Sources */,
				DF60E756185C455200DB10DE /* PhotoHuntImageView.m in Sources */,
				D2219653185AACD8007528EE /* NSManagedObject+Helper.m in Sources */,
				D246684318603C800089D5DB /* CartViewController.m in Sources */,
				D2A67A8E185B467400889114 /* AccountViewController.m in Sources */,
				D2A36A8E18504ADE004D3D99 /* TSNavigationController.m in Sources */,
				D2827DB61867E64000E4A662 /* MProductOptionChoice.m in Sources */,
				D293E4CA183DEDEB00B73795 /* ToSavour.xcdatamodeld in Sources */,
				DF852709185EDDBC0087E247 /* TSGame.m in Sources */,
				D22196501859C24C007528EE /* FriendsListTableViewCell.m in Sources */,
				D2466840186036BB0089D5DB /* CartHeaderView.m in Sources */,
				D2C075D01857245E00620114 /* UIView+Helper.m in Sources */,
			);
			runOnlyForDeploymentPostprocessing = 0;
		};
		D293E4D3183DEDEB00B73795 /* Sources */ = {
			isa = PBXSourcesBuildPhase;
			buildActionMask = 2147483647;
			files = (
				D293E4E6183DEDEB00B73795 /* ToSavourTests.m in Sources */,
			);
			runOnlyForDeploymentPostprocessing = 0;
		};
/* End PBXSourcesBuildPhase section */

/* Begin PBXTargetDependency section */
		D293E4DE183DEDEB00B73795 /* PBXTargetDependency */ = {
			isa = PBXTargetDependency;
			target = D293E4AD183DEDEB00B73795 /* ToSavour */;
			targetProxy = D293E4DD183DEDEB00B73795 /* PBXContainerItemProxy */;
		};
/* End PBXTargetDependency section */

/* Begin PBXVariantGroup section */
		D293E4BC183DEDEB00B73795 /* InfoPlist.strings */ = {
			isa = PBXVariantGroup;
			children = (
				D293E4BD183DEDEB00B73795 /* en */,
			);
			name = InfoPlist.strings;
			sourceTree = "<group>";
		};
		D293E4C5183DEDEB00B73795 /* Main.storyboard */ = {
			isa = PBXVariantGroup;
			children = (
				D293E4C6183DEDEB00B73795 /* Base */,
			);
			name = Main.storyboard;
			sourceTree = "<group>";
		};
		D293E4E2183DEDEB00B73795 /* InfoPlist.strings */ = {
			isa = PBXVariantGroup;
			children = (
				D293E4E3183DEDEB00B73795 /* en */,
			);
			name = InfoPlist.strings;
			sourceTree = "<group>";
		};
/* End PBXVariantGroup section */

/* Begin XCBuildConfiguration section */
		D2466830185F15F70089D5DB /* Debug */ = {
			isa = XCBuildConfiguration;
			baseConfigurationReference = 257842E4F2DE434C98166E63 /* Pods.xcconfig */;
			buildSettings = {
				ASSETCATALOG_COMPILER_APPICON_NAME = AppIcon;
				ASSETCATALOG_COMPILER_LAUNCHIMAGE_NAME = LaunchImage;
				CODE_SIGN_IDENTITY = "iPhone Developer";
				"CODE_SIGN_IDENTITY[sdk=iphoneos*]" = "iPhone Developer";
				GCC_PRECOMPILE_PREFIX_HEADER = YES;
				GCC_PREFIX_HEADER = "ToSavour/ToSavour-Prefix.pch";
				GCC_PREPROCESSOR_DEFINITIONS = (
					"$(inherited)",
					"COCOAPODS=1",
					"RESTKIT_GENERATE_SEED_DB=1",
				);
				INFOPLIST_FILE = "ToSavour copy-Info.plist";
				IPHONEOS_DEPLOYMENT_TARGET = 6.1;
				PRODUCT_NAME = "ToSavour copy";
				PROVISIONING_PROFILE = "";
				WRAPPER_EXTENSION = app;
			};
			name = Debug;
		};
		D2466831185F15F70089D5DB /* Release */ = {
			isa = XCBuildConfiguration;
			baseConfigurationReference = 257842E4F2DE434C98166E63 /* Pods.xcconfig */;
			buildSettings = {
				ASSETCATALOG_COMPILER_APPICON_NAME = AppIcon;
				ASSETCATALOG_COMPILER_LAUNCHIMAGE_NAME = LaunchImage;
				CODE_SIGN_IDENTITY = "iPhone Developer";
				"CODE_SIGN_IDENTITY[sdk=iphoneos*]" = "iPhone Developer";
				GCC_PRECOMPILE_PREFIX_HEADER = YES;
				GCC_PREFIX_HEADER = "ToSavour/ToSavour-Prefix.pch";
				GCC_PREPROCESSOR_DEFINITIONS = (
					"$(inherited)",
					"COCOAPODS=1",
					"RESTKIT_GENERATE_SEED_DB=1",
				);
				INFOPLIST_FILE = "ToSavour copy-Info.plist";
				IPHONEOS_DEPLOYMENT_TARGET = 6.1;
				PRODUCT_NAME = "ToSavour copy";
				PROVISIONING_PROFILE = "";
				WRAPPER_EXTENSION = app;
			};
			name = Release;
		};
		D293E4E7183DEDEB00B73795 /* Debug */ = {
			isa = XCBuildConfiguration;
			buildSettings = {
				ALWAYS_SEARCH_USER_PATHS = NO;
				ARCHS = "$(ARCHS_STANDARD_INCLUDING_64_BIT)";
				CLANG_CXX_LANGUAGE_STANDARD = "gnu++0x";
				CLANG_CXX_LIBRARY = "libc++";
				CLANG_ENABLE_MODULES = YES;
				CLANG_ENABLE_OBJC_ARC = YES;
				CLANG_WARN_BOOL_CONVERSION = YES;
				CLANG_WARN_CONSTANT_CONVERSION = YES;
				CLANG_WARN_DIRECT_OBJC_ISA_USAGE = YES_ERROR;
				CLANG_WARN_EMPTY_BODY = YES;
				CLANG_WARN_ENUM_CONVERSION = YES;
				CLANG_WARN_INT_CONVERSION = YES;
				CLANG_WARN_OBJC_ROOT_CLASS = YES_ERROR;
				CLANG_WARN__DUPLICATE_METHOD_MATCH = YES;
				"CODE_SIGN_IDENTITY[sdk=iphoneos*]" = "iPhone Developer";
				COPY_PHASE_STRIP = NO;
				GCC_C_LANGUAGE_STANDARD = gnu99;
				GCC_DYNAMIC_NO_PIC = NO;
				GCC_OPTIMIZATION_LEVEL = 0;
				GCC_PREPROCESSOR_DEFINITIONS = (
					"DEBUG=1",
					"$(inherited)",
				);
				GCC_SYMBOLS_PRIVATE_EXTERN = NO;
				GCC_WARN_64_TO_32_BIT_CONVERSION = YES;
				GCC_WARN_ABOUT_RETURN_TYPE = YES_ERROR;
				GCC_WARN_UNDECLARED_SELECTOR = YES;
				GCC_WARN_UNINITIALIZED_AUTOS = YES;
				GCC_WARN_UNUSED_FUNCTION = YES;
				GCC_WARN_UNUSED_VARIABLE = YES;
				IPHONEOS_DEPLOYMENT_TARGET = 7.0;
				ONLY_ACTIVE_ARCH = YES;
				SDKROOT = iphoneos;
			};
			name = Debug;
		};
		D293E4E8183DEDEB00B73795 /* Release */ = {
			isa = XCBuildConfiguration;
			buildSettings = {
				ALWAYS_SEARCH_USER_PATHS = NO;
				ARCHS = "$(ARCHS_STANDARD_INCLUDING_64_BIT)";
				CLANG_CXX_LANGUAGE_STANDARD = "gnu++0x";
				CLANG_CXX_LIBRARY = "libc++";
				CLANG_ENABLE_MODULES = YES;
				CLANG_ENABLE_OBJC_ARC = YES;
				CLANG_WARN_BOOL_CONVERSION = YES;
				CLANG_WARN_CONSTANT_CONVERSION = YES;
				CLANG_WARN_DIRECT_OBJC_ISA_USAGE = YES_ERROR;
				CLANG_WARN_EMPTY_BODY = YES;
				CLANG_WARN_ENUM_CONVERSION = YES;
				CLANG_WARN_INT_CONVERSION = YES;
				CLANG_WARN_OBJC_ROOT_CLASS = YES_ERROR;
				CLANG_WARN__DUPLICATE_METHOD_MATCH = YES;
				"CODE_SIGN_IDENTITY[sdk=iphoneos*]" = "iPhone Developer";
				COPY_PHASE_STRIP = YES;
				ENABLE_NS_ASSERTIONS = NO;
				GCC_C_LANGUAGE_STANDARD = gnu99;
				GCC_WARN_64_TO_32_BIT_CONVERSION = YES;
				GCC_WARN_ABOUT_RETURN_TYPE = YES_ERROR;
				GCC_WARN_UNDECLARED_SELECTOR = YES;
				GCC_WARN_UNINITIALIZED_AUTOS = YES;
				GCC_WARN_UNUSED_FUNCTION = YES;
				GCC_WARN_UNUSED_VARIABLE = YES;
				IPHONEOS_DEPLOYMENT_TARGET = 7.0;
				SDKROOT = iphoneos;
				VALIDATE_PRODUCT = YES;
			};
			name = Release;
		};
		D293E4EA183DEDEB00B73795 /* Debug */ = {
			isa = XCBuildConfiguration;
			baseConfigurationReference = 257842E4F2DE434C98166E63 /* Pods.xcconfig */;
			buildSettings = {
				ASSETCATALOG_COMPILER_APPICON_NAME = AppIcon;
				ASSETCATALOG_COMPILER_LAUNCHIMAGE_NAME = LaunchImage;
				CODE_SIGN_IDENTITY = "iPhone Developer";
				"CODE_SIGN_IDENTITY[sdk=iphoneos*]" = "iPhone Developer";
				GCC_PRECOMPILE_PREFIX_HEADER = YES;
				GCC_PREFIX_HEADER = "ToSavour/ToSavour-Prefix.pch";
				INFOPLIST_FILE = "ToSavour/ToSavour-Info.plist";
				IPHONEOS_DEPLOYMENT_TARGET = 6.1;
				PRODUCT_NAME = "$(TARGET_NAME)";
				PROVISIONING_PROFILE = "";
				WRAPPER_EXTENSION = app;
			};
			name = Debug;
		};
		D293E4EB183DEDEB00B73795 /* Release */ = {
			isa = XCBuildConfiguration;
			baseConfigurationReference = 257842E4F2DE434C98166E63 /* Pods.xcconfig */;
			buildSettings = {
				ASSETCATALOG_COMPILER_APPICON_NAME = AppIcon;
				ASSETCATALOG_COMPILER_LAUNCHIMAGE_NAME = LaunchImage;
				CODE_SIGN_IDENTITY = "iPhone Developer";
				"CODE_SIGN_IDENTITY[sdk=iphoneos*]" = "iPhone Developer";
				GCC_PRECOMPILE_PREFIX_HEADER = YES;
				GCC_PREFIX_HEADER = "ToSavour/ToSavour-Prefix.pch";
				INFOPLIST_FILE = "ToSavour/ToSavour-Info.plist";
				IPHONEOS_DEPLOYMENT_TARGET = 6.1;
				PRODUCT_NAME = "$(TARGET_NAME)";
				PROVISIONING_PROFILE = "";
				WRAPPER_EXTENSION = app;
			};
			name = Release;
		};
		D293E4ED183DEDEB00B73795 /* Debug */ = {
			isa = XCBuildConfiguration;
			buildSettings = {
				ARCHS = "$(ARCHS_STANDARD_INCLUDING_64_BIT)";
				BUNDLE_LOADER = "$(BUILT_PRODUCTS_DIR)/ToSavour.app/ToSavour";
				FRAMEWORK_SEARCH_PATHS = (
					"$(SDKROOT)/Developer/Library/Frameworks",
					"$(inherited)",
					"$(DEVELOPER_FRAMEWORKS_DIR)",
				);
				GCC_PRECOMPILE_PREFIX_HEADER = YES;
				GCC_PREFIX_HEADER = "ToSavour/ToSavour-Prefix.pch";
				GCC_PREPROCESSOR_DEFINITIONS = (
					"DEBUG=1",
					"$(inherited)",
				);
				INFOPLIST_FILE = "ToSavourTests/ToSavourTests-Info.plist";
				PRODUCT_NAME = "$(TARGET_NAME)";
				TEST_HOST = "$(BUNDLE_LOADER)";
				WRAPPER_EXTENSION = xctest;
			};
			name = Debug;
		};
		D293E4EE183DEDEB00B73795 /* Release */ = {
			isa = XCBuildConfiguration;
			buildSettings = {
				ARCHS = "$(ARCHS_STANDARD_INCLUDING_64_BIT)";
				BUNDLE_LOADER = "$(BUILT_PRODUCTS_DIR)/ToSavour.app/ToSavour";
				FRAMEWORK_SEARCH_PATHS = (
					"$(SDKROOT)/Developer/Library/Frameworks",
					"$(inherited)",
					"$(DEVELOPER_FRAMEWORKS_DIR)",
				);
				GCC_PRECOMPILE_PREFIX_HEADER = YES;
				GCC_PREFIX_HEADER = "ToSavour/ToSavour-Prefix.pch";
				INFOPLIST_FILE = "ToSavourTests/ToSavourTests-Info.plist";
				PRODUCT_NAME = "$(TARGET_NAME)";
				TEST_HOST = "$(BUNDLE_LOADER)";
				WRAPPER_EXTENSION = xctest;
			};
			name = Release;
		};
/* End XCBuildConfiguration section */

/* Begin XCConfigurationList section */
		D246682F185F15F70089D5DB /* Build configuration list for PBXNativeTarget "ToSavour Generate Seed DB" */ = {
			isa = XCConfigurationList;
			buildConfigurations = (
				D2466830185F15F70089D5DB /* Debug */,
				D2466831185F15F70089D5DB /* Release */,
			);
			defaultConfigurationIsVisible = 0;
			defaultConfigurationName = Release;
		};
		D293E4A9183DEDEB00B73795 /* Build configuration list for PBXProject "ToSavour" */ = {
			isa = XCConfigurationList;
			buildConfigurations = (
				D293E4E7183DEDEB00B73795 /* Debug */,
				D293E4E8183DEDEB00B73795 /* Release */,
			);
			defaultConfigurationIsVisible = 0;
			defaultConfigurationName = Release;
		};
		D293E4E9183DEDEB00B73795 /* Build configuration list for PBXNativeTarget "ToSavour" */ = {
			isa = XCConfigurationList;
			buildConfigurations = (
				D293E4EA183DEDEB00B73795 /* Debug */,
				D293E4EB183DEDEB00B73795 /* Release */,
			);
			defaultConfigurationIsVisible = 0;
			defaultConfigurationName = Release;
		};
		D293E4EC183DEDEB00B73795 /* Build configuration list for PBXNativeTarget "ToSavourTests" */ = {
			isa = XCConfigurationList;
			buildConfigurations = (
				D293E4ED183DEDEB00B73795 /* Debug */,
				D293E4EE183DEDEB00B73795 /* Release */,
			);
			defaultConfigurationIsVisible = 0;
			defaultConfigurationName = Release;
		};
/* End XCConfigurationList section */

/* Begin XCVersionGroup section */
		D293E4C8183DEDEB00B73795 /* ToSavour.xcdatamodeld */ = {
			isa = XCVersionGroup;
			children = (
				D293E4C9183DEDEB00B73795 /* ToSavour.xcdatamodel */,
			);
			currentVersion = D293E4C9183DEDEB00B73795 /* ToSavour.xcdatamodel */;
			path = ToSavour.xcdatamodeld;
			sourceTree = "<group>";
			versionGroupType = wrapper.xcdatamodel;
		};
/* End XCVersionGroup section */
	};
	rootObject = D293E4A6183DEDEB00B73795 /* Project object */;
}
